{
  "object": {
    "pins": [
      {
        "package": "Alamofire",
        "repositoryURL": "https://github.com/Alamofire/Alamofire.git",
        "state": {
          "branch": null,
          "revision": "63dfa86548c4e5d5c6fd6ed42f638e388cbce529",
          "version": "5.6.0"
        }
      },
      {
        "package": "Kingfisher",
        "repositoryURL": "https://github.com/onevcat/Kingfisher.git",
        "state": {
          "branch": null,
          "revision": "3f6992b5cd3143e83b02300ea59c400d4cf0747a",
          "version": "7.8.0"
        }
      },
      {
        "package": "SwiftSoup",
        "repositoryURL": "https://github.com/scinfu/SwiftSoup.git",
        "state": {
          "branch": null,
          "revision": "5386dab25134eec11fc35fc5e43caf422fad0270",
          "version": "2.4.0"
        }
      }
    ]
  },
  "version": 1
}
