{
  "object": {
    "pins": [
      {
        "package": "Alamofire",
        "repositoryURL": "https://github.com/Alamofire/Alamofire.git",
        "state": {
          "branch": null,
          "revision": "63dfa86548c4e5d5c6fd6ed42f638e388cbce529",
          "version": "5.6.0"
        }
      },
      {
        "package": "GoogleCastSDK-ios-no-bluetooth",
        "repositoryURL": "https://github.com/SRGSSR/GoogleCastSDK-ios-no-bluetooth.git",
        "state": {
          "branch": "master",
          "revision": "470ba19d955e7859b7a3873454cd30d1b8867e85",
          "version": null
        }
      },
      {
        "package": "Kingfisher",
        "repositoryURL": "https://github.com/onevcat/Kingfisher.git",
        "state": {
          "branch": null,
          "revision": "415b1d97fb38bda1e5a6b2dde63354720832110b",
          "version": "7.6.1"
        }
      },
      {
        "package": "SwiftSoup",
        "repositoryURL": "https://github.com/scinfu/SwiftSoup.git",
        "state": {
          "branch": null,
          "revision": "5386dab25134eec11fc35fc5e43caf422fad0270",
          "version": "2.4.0"
        }
      }
    ]
  },
  "version": 1
}
