// !$*UTF8*$!
{
	archiveVersion = 1;
	classes = {
	};
	objectVersion = 55;
	objects = {

/* Begin PBXBuildFile section */
		13D412A52C6260D600510461 /* AnilistAnimeInformation.storyboard in Resources */ = {isa = PBXBuildFile; fileRef = 13D412A42C6260D600510461 /* AnilistAnimeInformation.storyboard */; };
		13F875692C60DE7A004C1978 /* AppDelegate.swift in Sources */ = {isa = PBXBuildFile; fileRef = 13F875682C60DE7A004C1978 /* AppDelegate.swift */; };
		13F8756B2C60DE7A004C1978 /* SceneDelegate.swift in Sources */ = {isa = PBXBuildFile; fileRef = 13F8756A2C60DE7A004C1978 /* SceneDelegate.swift */; };
		13F875D42C60DE99004C1978 /* Sources.swift in Sources */ = {isa = PBXBuildFile; fileRef = 13F8757D2C60DE98004C1978 /* Sources.swift */; };
		13F875D52C60DE99004C1978 /* SourceMenu.swift in Sources */ = {isa = PBXBuildFile; fileRef = 13F8757E2C60DE98004C1978 /* SourceMenu.swift */; };
		13F875D62C60DE99004C1978 /* SettingsViewAbout.swift in Sources */ = {isa = PBXBuildFile; fileRef = 13F875822C60DE98004C1978 /* SettingsViewAbout.swift */; };
		13F875D72C60DE99004C1978 /* SettingsAnimeListing.swift in Sources */ = {isa = PBXBuildFile; fileRef = 13F875832C60DE98004C1978 /* SettingsAnimeListing.swift */; };
		13F875D82C60DE99004C1978 /* SettingsViewSources.swift in Sources */ = {isa = PBXBuildFile; fileRef = 13F875842C60DE98004C1978 /* SettingsViewSources.swift */; };
		13F875D92C60DE99004C1978 /* SettingsViewCast.swift in Sources */ = {isa = PBXBuildFile; fileRef = 13F875852C60DE98004C1978 /* SettingsViewCast.swift */; };
		13F875DA2C60DE99004C1978 /* SettingsViewController.swift in Sources */ = {isa = PBXBuildFile; fileRef = 13F875862C60DE98004C1978 /* SettingsViewController.swift */; };
		13F875DB2C60DE99004C1978 /* HomeViewController.swift in Sources */ = {isa = PBXBuildFile; fileRef = 13F875882C60DE98004C1978 /* HomeViewController.swift */; };
		13F875DC2C60DE99004C1978 /* FeaturedAnimeParsing.swift in Sources */ = {isa = PBXBuildFile; fileRef = 13F875892C60DE98004C1978 /* FeaturedAnimeParsing.swift */; };
		13F875DD2C60DE99004C1978 /* AnimeDetailService.swift in Sources */ = {isa = PBXBuildFile; fileRef = 13F8758B2C60DE98004C1978 /* AnimeDetailService.swift */; };
		13F875DE2C60DE99004C1978 /* AnimeDetailsViewController.swift in Sources */ = {isa = PBXBuildFile; fileRef = 13F8758C2C60DE98004C1978 /* AnimeDetailsViewController.swift */; };
		13F875DF2C60DE99004C1978 /* AnimeHeaderCell.swift in Sources */ = {isa = PBXBuildFile; fileRef = 13F8758E2C60DE98004C1978 /* AnimeHeaderCell.swift */; };
		13F875E02C60DE99004C1978 /* EpisodeCell.swift in Sources */ = {isa = PBXBuildFile; fileRef = 13F8758F2C60DE98004C1978 /* EpisodeCell.swift */; };
		13F875E12C60DE99004C1978 /* SynopsisCell.swift in Sources */ = {isa = PBXBuildFile; fileRef = 13F875902C60DE98004C1978 /* SynopsisCell.swift */; };
		13F875E22C60DE99004C1978 /* FavoritesViewController.swift in Sources */ = {isa = PBXBuildFile; fileRef = 13F875922C60DE98004C1978 /* FavoritesViewController.swift */; };
		13F875E32C60DE99004C1978 /* SearchViewController.swift in Sources */ = {isa = PBXBuildFile; fileRef = 13F875942C60DE98004C1978 /* SearchViewController.swift */; };
		13F875E42C60DE99004C1978 /* SearchResultsViewController.swift in Sources */ = {isa = PBXBuildFile; fileRef = 13F875952C60DE98004C1978 /* SearchResultsViewController.swift */; };
		13F875E52C60DE99004C1978 /* SearchResultSourcesParsing.swift in Sources */ = {isa = PBXBuildFile; fileRef = 13F875962C60DE98004C1978 /* SearchResultSourcesParsing.swift */; };
		13F875E62C60DE99004C1978 /* ActiveDownloadsViewController.swift in Sources */ = {isa = PBXBuildFile; fileRef = 13F875992C60DE98004C1978 /* ActiveDownloadsViewController.swift */; };
		13F875E72C60DE99004C1978 /* ProgressDownloadCell.swift in Sources */ = {isa = PBXBuildFile; fileRef = 13F8759A2C60DE98004C1978 /* ProgressDownloadCell.swift */; };
		13F875E82C60DE99004C1978 /* DownloadsViewController.swift in Sources */ = {isa = PBXBuildFile; fileRef = 13F8759B2C60DE98004C1978 /* DownloadsViewController.swift */; };
		13F875E92C60DE99004C1978 /* DownloadCell.swift in Sources */ = {isa = PBXBuildFile; fileRef = 13F8759C2C60DE98004C1978 /* DownloadCell.swift */; };
		13F875EA2C60DE99004C1978 /* LaunchScreen.storyboard in Resources */ = {isa = PBXBuildFile; fileRef = 13F8759E2C60DE98004C1978 /* LaunchScreen.storyboard */; };
		13F875EB2C60DE99004C1978 /* FavoriteCell-Swift.swift in Sources */ = {isa = PBXBuildFile; fileRef = 13F875A12C60DE98004C1978 /* FavoriteCell-Swift.swift */; };
		13F875EC2C60DE99004C1978 /* FavoriteCell.xib in Resources */ = {isa = PBXBuildFile; fileRef = 13F875A22C60DE98004C1978 /* FavoriteCell.xib */; };
		13F875ED2C60DE99004C1978 /* SlimmAnimeCell-Swift.swift in Sources */ = {isa = PBXBuildFile; fileRef = 13F875A42C60DE98004C1978 /* SlimmAnimeCell-Swift.swift */; };
		13F875EE2C60DE99004C1978 /* SlimmAnimeCell.xib in Resources */ = {isa = PBXBuildFile; fileRef = 13F875A52C60DE98004C1978 /* SlimmAnimeCell.xib */; };
		13F875EF2C60DE99004C1978 /* AiringAnimeCell-Swift.swift in Sources */ = {isa = PBXBuildFile; fileRef = 13F875A72C60DE98004C1978 /* AiringAnimeCell-Swift.swift */; };
		13F875F02C60DE99004C1978 /* AiringAnimeCell.xib in Resources */ = {isa = PBXBuildFile; fileRef = 13F875A82C60DE98004C1978 /* AiringAnimeCell.xib */; };
		13F875F12C60DE99004C1978 /* Main.storyboard in Resources */ = {isa = PBXBuildFile; fileRef = 13F875A92C60DE98004C1978 /* Main.storyboard */; };
		13F875F32C60DE99004C1978 /* Settings.storyboard in Resources */ = {isa = PBXBuildFile; fileRef = 13F875AB2C60DE98004C1978 /* Settings.storyboard */; };
		13F875F42C60DE99004C1978 /* FavoriteManager.swift in Sources */ = {isa = PBXBuildFile; fileRef = 13F875AE2C60DE98004C1978 /* FavoriteManager.swift */; };
		13F875F52C60DE99004C1978 /* BackupManager.swift in Sources */ = {isa = PBXBuildFile; fileRef = 13F875AF2C60DE98004C1978 /* BackupManager.swift */; };
		13F875F62C60DE99004C1978 /* DownloadManager.swift in Sources */ = {isa = PBXBuildFile; fileRef = 13F875B02C60DE98004C1978 /* DownloadManager.swift */; };
		13F875F72C60DE99004C1978 /* MP4Downloader.swift in Sources */ = {isa = PBXBuildFile; fileRef = 13F875B22C60DE98004C1978 /* MP4Downloader.swift */; };
		13F875F82C60DE99004C1978 /* M3U8Downloader.swift in Sources */ = {isa = PBXBuildFile; fileRef = 13F875B32C60DE98004C1978 /* M3U8Downloader.swift */; };
		13F875F92C60DE99004C1978 /* UIImage.swift in Sources */ = {isa = PBXBuildFile; fileRef = 13F875B52C60DE98004C1978 /* UIImage.swift */; };
		13F875FA2C60DE99004C1978 /* VideoPlayerType.swift in Sources */ = {isa = PBXBuildFile; fileRef = 13F875B72C60DE99004C1978 /* VideoPlayerType.swift */; };
		13F875FB2C60DE99004C1978 /* LandScapePlayer.swift in Sources */ = {isa = PBXBuildFile; fileRef = 13F875B82C60DE99004C1978 /* LandScapePlayer.swift */; };
		13F875FC2C60DE99004C1978 /* ExternalVideoPlayerJK.swift in Sources */ = {isa = PBXBuildFile; fileRef = 13F875BA2C60DE99004C1978 /* ExternalVideoPlayerJK.swift */; };
		13F875FD2C60DE99004C1978 /* ExternalVideoPlayerKura.swift in Sources */ = {isa = PBXBuildFile; fileRef = 13F875BB2C60DE99004C1978 /* ExternalVideoPlayerKura.swift */; };
		13F875FE2C60DE99004C1978 /* ExternalVideoPlayer.swift in Sources */ = {isa = PBXBuildFile; fileRef = 13F875BC2C60DE99004C1978 /* ExternalVideoPlayer.swift */; };
		13F875FF2C60DE99004C1978 /* ExternalVideoPlayerAnix.swift in Sources */ = {isa = PBXBuildFile; fileRef = 13F875BD2C60DE99004C1978 /* ExternalVideoPlayerAnix.swift */; };
		13F876002C60DE99004C1978 /* ExternalVideoPlayer3rb.swift in Sources */ = {isa = PBXBuildFile; fileRef = 13F875BE2C60DE99004C1978 /* ExternalVideoPlayer3rb.swift */; };
		13F876012C60DE99004C1978 /* Jikan-Info.swift in Sources */ = {isa = PBXBuildFile; fileRef = 13F875C12C60DE99004C1978 /* Jikan-Info.swift */; };
		13F876022C60DE99004C1978 /* Jikan-Sesonal.swift in Sources */ = {isa = PBXBuildFile; fileRef = 13F875C32C60DE99004C1978 /* Jikan-Sesonal.swift */; };
		13F876032C60DE99004C1978 /* Jikan-Trending.swift in Sources */ = {isa = PBXBuildFile; fileRef = 13F875C42C60DE99004C1978 /* Jikan-Trending.swift */; };
		13F876042C60DE99004C1978 /* Jikan-Airing.swift in Sources */ = {isa = PBXBuildFile; fileRef = 13F875C52C60DE99004C1978 /* Jikan-Airing.swift */; };
		13F876052C60DE99004C1978 /* AniList-Airing.swift in Sources */ = {isa = PBXBuildFile; fileRef = 13F875C82C60DE99004C1978 /* AniList-Airing.swift */; };
		13F876062C60DE99004C1978 /* AniList-Trending.swift in Sources */ = {isa = PBXBuildFile; fileRef = 13F875C92C60DE99004C1978 /* AniList-Trending.swift */; };
		13F876072C60DE99004C1978 /* AniList-Sesonal.swift in Sources */ = {isa = PBXBuildFile; fileRef = 13F875CA2C60DE99004C1978 /* AniList-Sesonal.swift */; };
		13F876082C60DE99004C1978 /* AniList-Info.swift in Sources */ = {isa = PBXBuildFile; fileRef = 13F875CB2C60DE99004C1978 /* AniList-Info.swift */; };
		13F876092C60DE99004C1978 /* Kitsu-Trending.swift in Sources */ = {isa = PBXBuildFile; fileRef = 13F875CE2C60DE99004C1978 /* Kitsu-Trending.swift */; };
		13F8760A2C60DE99004C1978 /* Kitsu-Sesonal.swift in Sources */ = {isa = PBXBuildFile; fileRef = 13F875CF2C60DE99004C1978 /* Kitsu-Sesonal.swift */; };
		13F8760B2C60DE99004C1978 /* Kitsu-Airing.swift in Sources */ = {isa = PBXBuildFile; fileRef = 13F875D02C60DE99004C1978 /* Kitsu-Airing.swift */; };
		13F8760C2C60DE99004C1978 /* Kitsu-Info.swift in Sources */ = {isa = PBXBuildFile; fileRef = 13F875D12C60DE99004C1978 /* Kitsu-Info.swift */; };
		13F8760D2C60DE99004C1978 /* AnimeInformation.swift in Sources */ = {isa = PBXBuildFile; fileRef = 13F875D22C60DE99004C1978 /* AnimeInformation.swift */; };
		13F8760E2C60DE9A004C1978 /* Assets.xcassets in Resources */ = {isa = PBXBuildFile; fileRef = 13F875D32C60DE99004C1978 /* Assets.xcassets */; };
		13F876112C60DEB3004C1978 /* GoogleCastSDK-ios-no-bluetooth in Frameworks */ = {isa = PBXBuildFile; productRef = 13F876102C60DEB3004C1978 /* GoogleCastSDK-ios-no-bluetooth */; };
		13F876142C60DEC3004C1978 /* Alamofire in Frameworks */ = {isa = PBXBuildFile; productRef = 13F876132C60DEC3004C1978 /* Alamofire */; };
		13F876172C60DED1004C1978 /* Kingfisher in Frameworks */ = {isa = PBXBuildFile; productRef = 13F876162C60DED1004C1978 /* Kingfisher */; };
		13F8761A2C60DF51004C1978 /* SwiftSoup in Frameworks */ = {isa = PBXBuildFile; productRef = 13F876192C60DF51004C1978 /* SwiftSoup */; };
/* End PBXBuildFile section */

/* Begin PBXFileReference section */
		13D412A42C6260D600510461 /* AnilistAnimeInformation.storyboard */ = {isa = PBXFileReference; fileEncoding = 4; lastKnownFileType = file.storyboard; path = AnilistAnimeInformation.storyboard; sourceTree = "<group>"; };
		13F875652C60DE7A004C1978 /* AnimeLounge.app */ = {isa = PBXFileReference; explicitFileType = wrapper.application; includeInIndex = 0; path = AnimeLounge.app; sourceTree = BUILT_PRODUCTS_DIR; };
		13F875682C60DE7A004C1978 /* AppDelegate.swift */ = {isa = PBXFileReference; lastKnownFileType = sourcecode.swift; path = AppDelegate.swift; sourceTree = "<group>"; };
		13F8756A2C60DE7A004C1978 /* SceneDelegate.swift */ = {isa = PBXFileReference; lastKnownFileType = sourcecode.swift; path = SceneDelegate.swift; sourceTree = "<group>"; };
		13F875762C60DE7C004C1978 /* Info.plist */ = {isa = PBXFileReference; lastKnownFileType = text.plist.xml; path = Info.plist; sourceTree = "<group>"; };
		13F8757D2C60DE98004C1978 /* Sources.swift */ = {isa = PBXFileReference; fileEncoding = 4; lastKnownFileType = sourcecode.swift; path = Sources.swift; sourceTree = "<group>"; };
		13F8757E2C60DE98004C1978 /* SourceMenu.swift */ = {isa = PBXFileReference; fileEncoding = 4; lastKnownFileType = sourcecode.swift; path = SourceMenu.swift; sourceTree = "<group>"; };
		13F875822C60DE98004C1978 /* SettingsViewAbout.swift */ = {isa = PBXFileReference; fileEncoding = 4; lastKnownFileType = sourcecode.swift; path = SettingsViewAbout.swift; sourceTree = "<group>"; };
		13F875832C60DE98004C1978 /* SettingsAnimeListing.swift */ = {isa = PBXFileReference; fileEncoding = 4; lastKnownFileType = sourcecode.swift; path = SettingsAnimeListing.swift; sourceTree = "<group>"; };
		13F875842C60DE98004C1978 /* SettingsViewSources.swift */ = {isa = PBXFileReference; fileEncoding = 4; lastKnownFileType = sourcecode.swift; path = SettingsViewSources.swift; sourceTree = "<group>"; };
		13F875852C60DE98004C1978 /* SettingsViewCast.swift */ = {isa = PBXFileReference; fileEncoding = 4; lastKnownFileType = sourcecode.swift; path = SettingsViewCast.swift; sourceTree = "<group>"; };
		13F875862C60DE98004C1978 /* SettingsViewController.swift */ = {isa = PBXFileReference; fileEncoding = 4; lastKnownFileType = sourcecode.swift; path = SettingsViewController.swift; sourceTree = "<group>"; };
		13F875882C60DE98004C1978 /* HomeViewController.swift */ = {isa = PBXFileReference; fileEncoding = 4; lastKnownFileType = sourcecode.swift; path = HomeViewController.swift; sourceTree = "<group>"; };
		13F875892C60DE98004C1978 /* FeaturedAnimeParsing.swift */ = {isa = PBXFileReference; fileEncoding = 4; lastKnownFileType = sourcecode.swift; path = FeaturedAnimeParsing.swift; sourceTree = "<group>"; };
		13F8758B2C60DE98004C1978 /* AnimeDetailService.swift */ = {isa = PBXFileReference; fileEncoding = 4; lastKnownFileType = sourcecode.swift; path = AnimeDetailService.swift; sourceTree = "<group>"; };
		13F8758C2C60DE98004C1978 /* AnimeDetailsViewController.swift */ = {isa = PBXFileReference; fileEncoding = 4; lastKnownFileType = sourcecode.swift; path = AnimeDetailsViewController.swift; sourceTree = "<group>"; };
		13F8758E2C60DE98004C1978 /* AnimeHeaderCell.swift */ = {isa = PBXFileReference; fileEncoding = 4; lastKnownFileType = sourcecode.swift; path = AnimeHeaderCell.swift; sourceTree = "<group>"; };
		13F8758F2C60DE98004C1978 /* EpisodeCell.swift */ = {isa = PBXFileReference; fileEncoding = 4; lastKnownFileType = sourcecode.swift; path = EpisodeCell.swift; sourceTree = "<group>"; };
		13F875902C60DE98004C1978 /* SynopsisCell.swift */ = {isa = PBXFileReference; fileEncoding = 4; lastKnownFileType = sourcecode.swift; path = SynopsisCell.swift; sourceTree = "<group>"; };
		13F875922C60DE98004C1978 /* FavoritesViewController.swift */ = {isa = PBXFileReference; fileEncoding = 4; lastKnownFileType = sourcecode.swift; path = FavoritesViewController.swift; sourceTree = "<group>"; };
		13F875942C60DE98004C1978 /* SearchViewController.swift */ = {isa = PBXFileReference; fileEncoding = 4; lastKnownFileType = sourcecode.swift; path = SearchViewController.swift; sourceTree = "<group>"; };
		13F875952C60DE98004C1978 /* SearchResultsViewController.swift */ = {isa = PBXFileReference; fileEncoding = 4; lastKnownFileType = sourcecode.swift; path = SearchResultsViewController.swift; sourceTree = "<group>"; };
		13F875962C60DE98004C1978 /* SearchResultSourcesParsing.swift */ = {isa = PBXFileReference; fileEncoding = 4; lastKnownFileType = sourcecode.swift; path = SearchResultSourcesParsing.swift; sourceTree = "<group>"; };
		13F875992C60DE98004C1978 /* ActiveDownloadsViewController.swift */ = {isa = PBXFileReference; fileEncoding = 4; lastKnownFileType = sourcecode.swift; path = ActiveDownloadsViewController.swift; sourceTree = "<group>"; };
		13F8759A2C60DE98004C1978 /* ProgressDownloadCell.swift */ = {isa = PBXFileReference; fileEncoding = 4; lastKnownFileType = sourcecode.swift; path = ProgressDownloadCell.swift; sourceTree = "<group>"; };
		13F8759B2C60DE98004C1978 /* DownloadsViewController.swift */ = {isa = PBXFileReference; fileEncoding = 4; lastKnownFileType = sourcecode.swift; path = DownloadsViewController.swift; sourceTree = "<group>"; };
		13F8759C2C60DE98004C1978 /* DownloadCell.swift */ = {isa = PBXFileReference; fileEncoding = 4; lastKnownFileType = sourcecode.swift; path = DownloadCell.swift; sourceTree = "<group>"; };
		13F8759E2C60DE98004C1978 /* LaunchScreen.storyboard */ = {isa = PBXFileReference; fileEncoding = 4; lastKnownFileType = file.storyboard; path = LaunchScreen.storyboard; sourceTree = "<group>"; };
		13F875A12C60DE98004C1978 /* FavoriteCell-Swift.swift */ = {isa = PBXFileReference; fileEncoding = 4; lastKnownFileType = sourcecode.swift; path = "FavoriteCell-Swift.swift"; sourceTree = "<group>"; };
		13F875A22C60DE98004C1978 /* FavoriteCell.xib */ = {isa = PBXFileReference; fileEncoding = 4; lastKnownFileType = file.xib; path = FavoriteCell.xib; sourceTree = "<group>"; };
		13F875A42C60DE98004C1978 /* SlimmAnimeCell-Swift.swift */ = {isa = PBXFileReference; fileEncoding = 4; lastKnownFileType = sourcecode.swift; path = "SlimmAnimeCell-Swift.swift"; sourceTree = "<group>"; };
		13F875A52C60DE98004C1978 /* SlimmAnimeCell.xib */ = {isa = PBXFileReference; fileEncoding = 4; lastKnownFileType = file.xib; path = SlimmAnimeCell.xib; sourceTree = "<group>"; };
		13F875A72C60DE98004C1978 /* AiringAnimeCell-Swift.swift */ = {isa = PBXFileReference; fileEncoding = 4; lastKnownFileType = sourcecode.swift; path = "AiringAnimeCell-Swift.swift"; sourceTree = "<group>"; };
		13F875A82C60DE98004C1978 /* AiringAnimeCell.xib */ = {isa = PBXFileReference; fileEncoding = 4; lastKnownFileType = file.xib; path = AiringAnimeCell.xib; sourceTree = "<group>"; };
		13F875A92C60DE98004C1978 /* Main.storyboard */ = {isa = PBXFileReference; fileEncoding = 4; lastKnownFileType = file.storyboard; path = Main.storyboard; sourceTree = "<group>"; };
		13F875AB2C60DE98004C1978 /* Settings.storyboard */ = {isa = PBXFileReference; fileEncoding = 4; lastKnownFileType = file.storyboard; path = Settings.storyboard; sourceTree = "<group>"; };
		13F875AE2C60DE98004C1978 /* FavoriteManager.swift */ = {isa = PBXFileReference; fileEncoding = 4; lastKnownFileType = sourcecode.swift; path = FavoriteManager.swift; sourceTree = "<group>"; };
		13F875AF2C60DE98004C1978 /* BackupManager.swift */ = {isa = PBXFileReference; fileEncoding = 4; lastKnownFileType = sourcecode.swift; path = BackupManager.swift; sourceTree = "<group>"; };
		13F875B02C60DE98004C1978 /* DownloadManager.swift */ = {isa = PBXFileReference; fileEncoding = 4; lastKnownFileType = sourcecode.swift; path = DownloadManager.swift; sourceTree = "<group>"; };
		13F875B22C60DE98004C1978 /* MP4Downloader.swift */ = {isa = PBXFileReference; fileEncoding = 4; lastKnownFileType = sourcecode.swift; path = MP4Downloader.swift; sourceTree = "<group>"; };
		13F875B32C60DE98004C1978 /* M3U8Downloader.swift */ = {isa = PBXFileReference; fileEncoding = 4; lastKnownFileType = sourcecode.swift; path = M3U8Downloader.swift; sourceTree = "<group>"; };
		13F875B52C60DE98004C1978 /* UIImage.swift */ = {isa = PBXFileReference; fileEncoding = 4; lastKnownFileType = sourcecode.swift; path = UIImage.swift; sourceTree = "<group>"; };
		13F875B72C60DE99004C1978 /* VideoPlayerType.swift */ = {isa = PBXFileReference; fileEncoding = 4; lastKnownFileType = sourcecode.swift; path = VideoPlayerType.swift; sourceTree = "<group>"; };
		13F875B82C60DE99004C1978 /* LandScapePlayer.swift */ = {isa = PBXFileReference; fileEncoding = 4; lastKnownFileType = sourcecode.swift; path = LandScapePlayer.swift; sourceTree = "<group>"; };
		13F875BA2C60DE99004C1978 /* ExternalVideoPlayerJK.swift */ = {isa = PBXFileReference; fileEncoding = 4; lastKnownFileType = sourcecode.swift; path = ExternalVideoPlayerJK.swift; sourceTree = "<group>"; };
		13F875BB2C60DE99004C1978 /* ExternalVideoPlayerKura.swift */ = {isa = PBXFileReference; fileEncoding = 4; lastKnownFileType = sourcecode.swift; path = ExternalVideoPlayerKura.swift; sourceTree = "<group>"; };
		13F875BC2C60DE99004C1978 /* ExternalVideoPlayer.swift */ = {isa = PBXFileReference; fileEncoding = 4; lastKnownFileType = sourcecode.swift; path = ExternalVideoPlayer.swift; sourceTree = "<group>"; };
		13F875BD2C60DE99004C1978 /* ExternalVideoPlayerAnix.swift */ = {isa = PBXFileReference; fileEncoding = 4; lastKnownFileType = sourcecode.swift; path = ExternalVideoPlayerAnix.swift; sourceTree = "<group>"; };
		13F875BE2C60DE99004C1978 /* ExternalVideoPlayer3rb.swift */ = {isa = PBXFileReference; fileEncoding = 4; lastKnownFileType = sourcecode.swift; path = ExternalVideoPlayer3rb.swift; sourceTree = "<group>"; };
		13F875C12C60DE99004C1978 /* Jikan-Info.swift */ = {isa = PBXFileReference; fileEncoding = 4; lastKnownFileType = sourcecode.swift; path = "Jikan-Info.swift"; sourceTree = "<group>"; };
		13F875C32C60DE99004C1978 /* Jikan-Sesonal.swift */ = {isa = PBXFileReference; fileEncoding = 4; lastKnownFileType = sourcecode.swift; path = "Jikan-Sesonal.swift"; sourceTree = "<group>"; };
		13F875C42C60DE99004C1978 /* Jikan-Trending.swift */ = {isa = PBXFileReference; fileEncoding = 4; lastKnownFileType = sourcecode.swift; path = "Jikan-Trending.swift"; sourceTree = "<group>"; };
		13F875C52C60DE99004C1978 /* Jikan-Airing.swift */ = {isa = PBXFileReference; fileEncoding = 4; lastKnownFileType = sourcecode.swift; path = "Jikan-Airing.swift"; sourceTree = "<group>"; };
		13F875C82C60DE99004C1978 /* AniList-Airing.swift */ = {isa = PBXFileReference; fileEncoding = 4; lastKnownFileType = sourcecode.swift; path = "AniList-Airing.swift"; sourceTree = "<group>"; };
		13F875C92C60DE99004C1978 /* AniList-Trending.swift */ = {isa = PBXFileReference; fileEncoding = 4; lastKnownFileType = sourcecode.swift; path = "AniList-Trending.swift"; sourceTree = "<group>"; };
		13F875CA2C60DE99004C1978 /* AniList-Sesonal.swift */ = {isa = PBXFileReference; fileEncoding = 4; lastKnownFileType = sourcecode.swift; path = "AniList-Sesonal.swift"; sourceTree = "<group>"; };
		13F875CB2C60DE99004C1978 /* AniList-Info.swift */ = {isa = PBXFileReference; fileEncoding = 4; lastKnownFileType = sourcecode.swift; path = "AniList-Info.swift"; sourceTree = "<group>"; };
		13F875CE2C60DE99004C1978 /* Kitsu-Trending.swift */ = {isa = PBXFileReference; fileEncoding = 4; lastKnownFileType = sourcecode.swift; path = "Kitsu-Trending.swift"; sourceTree = "<group>"; };
		13F875CF2C60DE99004C1978 /* Kitsu-Sesonal.swift */ = {isa = PBXFileReference; fileEncoding = 4; lastKnownFileType = sourcecode.swift; path = "Kitsu-Sesonal.swift"; sourceTree = "<group>"; };
		13F875D02C60DE99004C1978 /* Kitsu-Airing.swift */ = {isa = PBXFileReference; fileEncoding = 4; lastKnownFileType = sourcecode.swift; path = "Kitsu-Airing.swift"; sourceTree = "<group>"; };
		13F875D12C60DE99004C1978 /* Kitsu-Info.swift */ = {isa = PBXFileReference; fileEncoding = 4; lastKnownFileType = sourcecode.swift; path = "Kitsu-Info.swift"; sourceTree = "<group>"; };
		13F875D22C60DE99004C1978 /* AnimeInformation.swift */ = {isa = PBXFileReference; fileEncoding = 4; lastKnownFileType = sourcecode.swift; path = AnimeInformation.swift; sourceTree = "<group>"; };
		13F875D32C60DE99004C1978 /* Assets.xcassets */ = {isa = PBXFileReference; lastKnownFileType = folder.assetcatalog; path = Assets.xcassets; sourceTree = "<group>"; };
/* End PBXFileReference section */

/* Begin PBXFrameworksBuildPhase section */
		13F875622C60DE7A004C1978 /* Frameworks */ = {
			isa = PBXFrameworksBuildPhase;
			buildActionMask = 2147483647;
			files = (
				13F876172C60DED1004C1978 /* Kingfisher in Frameworks */,
				13F8761A2C60DF51004C1978 /* SwiftSoup in Frameworks */,
				13F876112C60DEB3004C1978 /* GoogleCastSDK-ios-no-bluetooth in Frameworks */,
				13F876142C60DEC3004C1978 /* Alamofire in Frameworks */,
			);
			runOnlyForDeploymentPostprocessing = 0;
		};
/* End PBXFrameworksBuildPhase section */

/* Begin PBXGroup section */
		13F8755C2C60DE7A004C1978 = {
			isa = PBXGroup;
			children = (
				13F875672C60DE7A004C1978 /* AnimeLounge */,
				13F875662C60DE7A004C1978 /* Products */,
			);
			sourceTree = "<group>";
		};
		13F875662C60DE7A004C1978 /* Products */ = {
			isa = PBXGroup;
			children = (
				13F875652C60DE7A004C1978 /* AnimeLounge.app */,
			);
			name = Products;
			sourceTree = "<group>";
		};
		13F875672C60DE7A004C1978 /* AnimeLounge */ = {
			isa = PBXGroup;
			children = (
				13F875BF2C60DE99004C1978 /* AnimeListing Service */,
				13F8757C2C60DE98004C1978 /* Sources */,
				13F875AC2C60DE98004C1978 /* Utils */,
				13F8757F2C60DE98004C1978 /* Swift - Views */,
				13F8759D2C60DE98004C1978 /* StoryBoard - Views */,
				13F8756A2C60DE7A004C1978 /* SceneDelegate.swift */,
				13F875682C60DE7A004C1978 /* AppDelegate.swift */,
				13F875762C60DE7C004C1978 /* Info.plist */,
				13F875D32C60DE99004C1978 /* Assets.xcassets */,
			);
			path = AnimeLounge;
			sourceTree = "<group>";
		};
		13F8757C2C60DE98004C1978 /* Sources */ = {
			isa = PBXGroup;
			children = (
				13F8757D2C60DE98004C1978 /* Sources.swift */,
				13F8757E2C60DE98004C1978 /* SourceMenu.swift */,
			);
			path = Sources;
			sourceTree = "<group>";
		};
		13F8757F2C60DE98004C1978 /* Swift - Views */ = {
			isa = PBXGroup;
			children = (
				13F875802C60DE98004C1978 /* Settings */,
				13F875872C60DE98004C1978 /* Home */,
				13F8758A2C60DE98004C1978 /* Anime Info */,
				13F875912C60DE98004C1978 /* Favorites */,
				13F875932C60DE98004C1978 /* Search */,
				13F875972C60DE98004C1978 /* Downloads */,
			);
			path = "Swift - Views";
			sourceTree = "<group>";
		};
		13F875802C60DE98004C1978 /* Settings */ = {
			isa = PBXGroup;
			children = (
				13F875812C60DE98004C1978 /* SubPages */,
				13F875862C60DE98004C1978 /* SettingsViewController.swift */,
			);
			path = Settings;
			sourceTree = "<group>";
		};
		13F875812C60DE98004C1978 /* SubPages */ = {
			isa = PBXGroup;
			children = (
				13F875822C60DE98004C1978 /* SettingsViewAbout.swift */,
				13F875832C60DE98004C1978 /* SettingsAnimeListing.swift */,
				13F875842C60DE98004C1978 /* SettingsViewSources.swift */,
				13F875852C60DE98004C1978 /* SettingsViewCast.swift */,
			);
			path = SubPages;
			sourceTree = "<group>";
		};
		13F875872C60DE98004C1978 /* Home */ = {
			isa = PBXGroup;
			children = (
				13F875882C60DE98004C1978 /* HomeViewController.swift */,
				13F875892C60DE98004C1978 /* FeaturedAnimeParsing.swift */,
			);
			path = Home;
			sourceTree = "<group>";
		};
		13F8758A2C60DE98004C1978 /* Anime Info */ = {
			isa = PBXGroup;
			children = (
				13F8758D2C60DE98004C1978 /* Anime Info View */,
				13F8758B2C60DE98004C1978 /* AnimeDetailService.swift */,
				13F8758C2C60DE98004C1978 /* AnimeDetailsViewController.swift */,
			);
			path = "Anime Info";
			sourceTree = "<group>";
		};
		13F8758D2C60DE98004C1978 /* Anime Info View */ = {
			isa = PBXGroup;
			children = (
				13F8758E2C60DE98004C1978 /* AnimeHeaderCell.swift */,
				13F8758F2C60DE98004C1978 /* EpisodeCell.swift */,
				13F875902C60DE98004C1978 /* SynopsisCell.swift */,
			);
			path = "Anime Info View";
			sourceTree = "<group>";
		};
		13F875912C60DE98004C1978 /* Favorites */ = {
			isa = PBXGroup;
			children = (
				13F875922C60DE98004C1978 /* FavoritesViewController.swift */,
			);
			path = Favorites;
			sourceTree = "<group>";
		};
		13F875932C60DE98004C1978 /* Search */ = {
			isa = PBXGroup;
			children = (
				13F875942C60DE98004C1978 /* SearchViewController.swift */,
				13F875952C60DE98004C1978 /* SearchResultsViewController.swift */,
				13F875962C60DE98004C1978 /* SearchResultSourcesParsing.swift */,
			);
			path = Search;
			sourceTree = "<group>";
		};
		13F875972C60DE98004C1978 /* Downloads */ = {
			isa = PBXGroup;
			children = (
				13F875982C60DE98004C1978 /* Active Downloads */,
				13F8759B2C60DE98004C1978 /* DownloadsViewController.swift */,
				13F8759C2C60DE98004C1978 /* DownloadCell.swift */,
			);
			path = Downloads;
			sourceTree = "<group>";
		};
		13F875982C60DE98004C1978 /* Active Downloads */ = {
			isa = PBXGroup;
			children = (
				13F875992C60DE98004C1978 /* ActiveDownloadsViewController.swift */,
				13F8759A2C60DE98004C1978 /* ProgressDownloadCell.swift */,
			);
			path = "Active Downloads";
			sourceTree = "<group>";
		};
		13F8759D2C60DE98004C1978 /* StoryBoard - Views */ = {
			isa = PBXGroup;
			children = (
				13F8759F2C60DE98004C1978 /* CustomCells */,
				13F875A92C60DE98004C1978 /* Main.storyboard */,
				13F8759E2C60DE98004C1978 /* LaunchScreen.storyboard */,
				13D412A42C6260D600510461 /* AnilistAnimeInformation.storyboard */,
				13F875AB2C60DE98004C1978 /* Settings.storyboard */,
			);
			path = "StoryBoard - Views";
			sourceTree = "<group>";
		};
		13F8759F2C60DE98004C1978 /* CustomCells */ = {
			isa = PBXGroup;
			children = (
				13F875A02C60DE98004C1978 /* Favorite Cell */,
				13F875A32C60DE98004C1978 /* SlimmAnimeCell */,
				13F875A62C60DE98004C1978 /* AiringAnimeCell */,
			);
			path = CustomCells;
			sourceTree = "<group>";
		};
		13F875A02C60DE98004C1978 /* Favorite Cell */ = {
			isa = PBXGroup;
			children = (
				13F875A12C60DE98004C1978 /* FavoriteCell-Swift.swift */,
				13F875A22C60DE98004C1978 /* FavoriteCell.xib */,
			);
			path = "Favorite Cell";
			sourceTree = "<group>";
		};
		13F875A32C60DE98004C1978 /* SlimmAnimeCell */ = {
			isa = PBXGroup;
			children = (
				13F875A42C60DE98004C1978 /* SlimmAnimeCell-Swift.swift */,
				13F875A52C60DE98004C1978 /* SlimmAnimeCell.xib */,
			);
			path = SlimmAnimeCell;
			sourceTree = "<group>";
		};
		13F875A62C60DE98004C1978 /* AiringAnimeCell */ = {
			isa = PBXGroup;
			children = (
				13F875A72C60DE98004C1978 /* AiringAnimeCell-Swift.swift */,
				13F875A82C60DE98004C1978 /* AiringAnimeCell.xib */,
			);
			path = AiringAnimeCell;
			sourceTree = "<group>";
		};
		13F875AC2C60DE98004C1978 /* Utils */ = {
			isa = PBXGroup;
			children = (
				13F875AD2C60DE98004C1978 /* Managers */,
				13F875B12C60DE98004C1978 /* Downloaders */,
				13F875B42C60DE98004C1978 /* Extensions */,
				13F875B62C60DE99004C1978 /* Player */,
			);
			path = Utils;
			sourceTree = "<group>";
		};
		13F875AD2C60DE98004C1978 /* Managers */ = {
			isa = PBXGroup;
			children = (
				13F875AE2C60DE98004C1978 /* FavoriteManager.swift */,
				13F875AF2C60DE98004C1978 /* BackupManager.swift */,
				13F875B02C60DE98004C1978 /* DownloadManager.swift */,
			);
			path = Managers;
			sourceTree = "<group>";
		};
		13F875B12C60DE98004C1978 /* Downloaders */ = {
			isa = PBXGroup;
			children = (
				13F875B22C60DE98004C1978 /* MP4Downloader.swift */,
				13F875B32C60DE98004C1978 /* M3U8Downloader.swift */,
			);
			path = Downloaders;
			sourceTree = "<group>";
		};
		13F875B42C60DE98004C1978 /* Extensions */ = {
			isa = PBXGroup;
			children = (
				13F875B52C60DE98004C1978 /* UIImage.swift */,
			);
			path = Extensions;
			sourceTree = "<group>";
		};
		13F875B62C60DE99004C1978 /* Player */ = {
			isa = PBXGroup;
			children = (
				13F875B92C60DE99004C1978 /* Source Specific */,
				13F875B72C60DE99004C1978 /* VideoPlayerType.swift */,
				13F875B82C60DE99004C1978 /* LandScapePlayer.swift */,
			);
			path = Player;
			sourceTree = "<group>";
		};
		13F875B92C60DE99004C1978 /* Source Specific */ = {
			isa = PBXGroup;
			children = (
				13F875BA2C60DE99004C1978 /* ExternalVideoPlayerJK.swift */,
				13F875BB2C60DE99004C1978 /* ExternalVideoPlayerKura.swift */,
				13F875BC2C60DE99004C1978 /* ExternalVideoPlayer.swift */,
				13F875BD2C60DE99004C1978 /* ExternalVideoPlayerAnix.swift */,
				13F875BE2C60DE99004C1978 /* ExternalVideoPlayer3rb.swift */,
			);
			path = "Source Specific";
			sourceTree = "<group>";
		};
		13F875BF2C60DE99004C1978 /* AnimeListing Service */ = {
			isa = PBXGroup;
			children = (
				13F875D22C60DE99004C1978 /* AnimeInformation.swift */,
				13F875C62C60DE99004C1978 /* Anilist-Services */,
				13F875C02C60DE99004C1978 /* MAL-Service */,
				13F875CC2C60DE99004C1978 /* Kitsu-Service */,
			);
			path = "AnimeListing Service";
			sourceTree = "<group>";
		};
		13F875C02C60DE99004C1978 /* MAL-Service */ = {
			isa = PBXGroup;
			children = (
				13F875C12C60DE99004C1978 /* Jikan-Info.swift */,
				13F875C22C60DE99004C1978 /* Requests */,
			);
			path = "MAL-Service";
			sourceTree = "<group>";
		};
		13F875C22C60DE99004C1978 /* Requests */ = {
			isa = PBXGroup;
			children = (
				13F875C32C60DE99004C1978 /* Jikan-Sesonal.swift */,
				13F875C42C60DE99004C1978 /* Jikan-Trending.swift */,
				13F875C52C60DE99004C1978 /* Jikan-Airing.swift */,
			);
			path = Requests;
			sourceTree = "<group>";
		};
		13F875C62C60DE99004C1978 /* Anilist-Services */ = {
			isa = PBXGroup;
			children = (
				13F875C72C60DE99004C1978 /* Requests */,
				13F875CB2C60DE99004C1978 /* AniList-Info.swift */,
			);
			path = "Anilist-Services";
			sourceTree = "<group>";
		};
		13F875C72C60DE99004C1978 /* Requests */ = {
			isa = PBXGroup;
			children = (
				13F875C82C60DE99004C1978 /* AniList-Airing.swift */,
				13F875C92C60DE99004C1978 /* AniList-Trending.swift */,
				13F875CA2C60DE99004C1978 /* AniList-Sesonal.swift */,
			);
			path = Requests;
			sourceTree = "<group>";
		};
		13F875CC2C60DE99004C1978 /* Kitsu-Service */ = {
			isa = PBXGroup;
			children = (
				13F875CD2C60DE99004C1978 /* Requests */,
				13F875D12C60DE99004C1978 /* Kitsu-Info.swift */,
			);
			path = "Kitsu-Service";
			sourceTree = "<group>";
		};
		13F875CD2C60DE99004C1978 /* Requests */ = {
			isa = PBXGroup;
			children = (
				13F875CE2C60DE99004C1978 /* Kitsu-Trending.swift */,
				13F875CF2C60DE99004C1978 /* Kitsu-Sesonal.swift */,
				13F875D02C60DE99004C1978 /* Kitsu-Airing.swift */,
			);
			path = Requests;
			sourceTree = "<group>";
		};
/* End PBXGroup section */

/* Begin PBXNativeTarget section */
		13F875642C60DE7A004C1978 /* AnimeLounge */ = {
			isa = PBXNativeTarget;
			buildConfigurationList = 13F875792C60DE7C004C1978 /* Build configuration list for PBXNativeTarget "AnimeLounge" */;
			buildPhases = (
				13F875612C60DE7A004C1978 /* Sources */,
				13F875622C60DE7A004C1978 /* Frameworks */,
				13F875632C60DE7A004C1978 /* Resources */,
			);
			buildRules = (
			);
			dependencies = (
			);
			name = AnimeLounge;
			packageProductDependencies = (
				13F876102C60DEB3004C1978 /* GoogleCastSDK-ios-no-bluetooth */,
				13F876132C60DEC3004C1978 /* Alamofire */,
				13F876162C60DED1004C1978 /* Kingfisher */,
				13F876192C60DF51004C1978 /* SwiftSoup */,
			);
			productName = AnimeLounge;
			productReference = 13F875652C60DE7A004C1978 /* AnimeLounge.app */;
			productType = "com.apple.product-type.application";
		};
/* End PBXNativeTarget section */

/* Begin PBXProject section */
		13F8755D2C60DE7A004C1978 /* Project object */ = {
			isa = PBXProject;
			attributes = {
				BuildIndependentTargetsInParallel = 1;
				LastSwiftUpdateCheck = 1320;
				LastUpgradeCheck = 1320;
				TargetAttributes = {
					13F875642C60DE7A004C1978 = {
						CreatedOnToolsVersion = 13.2.1;
					};
				};
			};
			buildConfigurationList = 13F875602C60DE7A004C1978 /* Build configuration list for PBXProject "AnimeLounge" */;
			compatibilityVersion = "Xcode 13.0";
			developmentRegion = en;
			hasScannedForEncodings = 0;
			knownRegions = (
				en,
				Base,
			);
			mainGroup = 13F8755C2C60DE7A004C1978;
			packageReferences = (
				13F8760F2C60DEB3004C1978 /* XCRemoteSwiftPackageReference "GoogleCastSDK-ios-no-bluetooth" */,
				13F876122C60DEC3004C1978 /* XCRemoteSwiftPackageReference "Alamofire" */,
				13F876152C60DED1004C1978 /* XCRemoteSwiftPackageReference "Kingfisher" */,
				13F876182C60DF51004C1978 /* XCRemoteSwiftPackageReference "SwiftSoup" */,
			);
			productRefGroup = 13F875662C60DE7A004C1978 /* Products */;
			projectDirPath = "";
			projectRoot = "";
			targets = (
				13F875642C60DE7A004C1978 /* AnimeLounge */,
			);
		};
/* End PBXProject section */

/* Begin PBXResourcesBuildPhase section */
		13F875632C60DE7A004C1978 /* Resources */ = {
			isa = PBXResourcesBuildPhase;
			buildActionMask = 2147483647;
			files = (
				13F875F02C60DE99004C1978 /* AiringAnimeCell.xib in Resources */,
				13D412A52C6260D600510461 /* AnilistAnimeInformation.storyboard in Resources */,
				13F875F12C60DE99004C1978 /* Main.storyboard in Resources */,
				13F875EA2C60DE99004C1978 /* LaunchScreen.storyboard in Resources */,
				13F875EC2C60DE99004C1978 /* FavoriteCell.xib in Resources */,
				13F875EE2C60DE99004C1978 /* SlimmAnimeCell.xib in Resources */,
				13F8760E2C60DE9A004C1978 /* Assets.xcassets in Resources */,
				13F875F32C60DE99004C1978 /* Settings.storyboard in Resources */,
			);
			runOnlyForDeploymentPostprocessing = 0;
		};
/* End PBXResourcesBuildPhase section */

/* Begin PBXSourcesBuildPhase section */
		13F875612C60DE7A004C1978 /* Sources */ = {
			isa = PBXSourcesBuildPhase;
			buildActionMask = 2147483647;
			files = (
				13F8760D2C60DE99004C1978 /* AnimeInformation.swift in Sources */,
				13F875DC2C60DE99004C1978 /* FeaturedAnimeParsing.swift in Sources */,
				13F876012C60DE99004C1978 /* Jikan-Info.swift in Sources */,
				13F875FF2C60DE99004C1978 /* ExternalVideoPlayerAnix.swift in Sources */,
				13F875F62C60DE99004C1978 /* DownloadManager.swift in Sources */,
				13F875E62C60DE99004C1978 /* ActiveDownloadsViewController.swift in Sources */,
				13F876072C60DE99004C1978 /* AniList-Sesonal.swift in Sources */,
				13F876042C60DE99004C1978 /* Jikan-Airing.swift in Sources */,
				13F876052C60DE99004C1978 /* AniList-Airing.swift in Sources */,
				13F876092C60DE99004C1978 /* Kitsu-Trending.swift in Sources */,
				13F875F52C60DE99004C1978 /* BackupManager.swift in Sources */,
				13F875DD2C60DE99004C1978 /* AnimeDetailService.swift in Sources */,
				13F875D92C60DE99004C1978 /* SettingsViewCast.swift in Sources */,
				13F875F72C60DE99004C1978 /* MP4Downloader.swift in Sources */,
				13F876022C60DE99004C1978 /* Jikan-Sesonal.swift in Sources */,
				13F875FE2C60DE99004C1978 /* ExternalVideoPlayer.swift in Sources */,
				13F876062C60DE99004C1978 /* AniList-Trending.swift in Sources */,
				13F875FB2C60DE99004C1978 /* LandScapePlayer.swift in Sources */,
				13F875E72C60DE99004C1978 /* ProgressDownloadCell.swift in Sources */,
				13F875E92C60DE99004C1978 /* DownloadCell.swift in Sources */,
				13F875D42C60DE99004C1978 /* Sources.swift in Sources */,
				13F8760A2C60DE99004C1978 /* Kitsu-Sesonal.swift in Sources */,
				13F876002C60DE99004C1978 /* ExternalVideoPlayer3rb.swift in Sources */,
				13F875ED2C60DE99004C1978 /* SlimmAnimeCell-Swift.swift in Sources */,
				13F875F82C60DE99004C1978 /* M3U8Downloader.swift in Sources */,
				13F875F92C60DE99004C1978 /* UIImage.swift in Sources */,
				13F875EF2C60DE99004C1978 /* AiringAnimeCell-Swift.swift in Sources */,
				13F875D52C60DE99004C1978 /* SourceMenu.swift in Sources */,
				13F875E12C60DE99004C1978 /* SynopsisCell.swift in Sources */,
				13F875FD2C60DE99004C1978 /* ExternalVideoPlayerKura.swift in Sources */,
				13F875E02C60DE99004C1978 /* EpisodeCell.swift in Sources */,
				13F875692C60DE7A004C1978 /* AppDelegate.swift in Sources */,
				13F875FA2C60DE99004C1978 /* VideoPlayerType.swift in Sources */,
				13F875EB2C60DE99004C1978 /* FavoriteCell-Swift.swift in Sources */,
				13F875E22C60DE99004C1978 /* FavoritesViewController.swift in Sources */,
				13F875F42C60DE99004C1978 /* FavoriteManager.swift in Sources */,
				13F8756B2C60DE7A004C1978 /* SceneDelegate.swift in Sources */,
				13F875DB2C60DE99004C1978 /* HomeViewController.swift in Sources */,
				13F875D72C60DE99004C1978 /* SettingsAnimeListing.swift in Sources */,
				13F875E52C60DE99004C1978 /* SearchResultSourcesParsing.swift in Sources */,
				13F875E42C60DE99004C1978 /* SearchResultsViewController.swift in Sources */,
				13F8760C2C60DE99004C1978 /* Kitsu-Info.swift in Sources */,
				13F876032C60DE99004C1978 /* Jikan-Trending.swift in Sources */,
				13F8760B2C60DE99004C1978 /* Kitsu-Airing.swift in Sources */,
				13F875E32C60DE99004C1978 /* SearchViewController.swift in Sources */,
				13F875D82C60DE99004C1978 /* SettingsViewSources.swift in Sources */,
				13F875FC2C60DE99004C1978 /* ExternalVideoPlayerJK.swift in Sources */,
				13F876082C60DE99004C1978 /* AniList-Info.swift in Sources */,
				13F875E82C60DE99004C1978 /* DownloadsViewController.swift in Sources */,
				13F875D62C60DE99004C1978 /* SettingsViewAbout.swift in Sources */,
				13F875DA2C60DE99004C1978 /* SettingsViewController.swift in Sources */,
				13F875DE2C60DE99004C1978 /* AnimeDetailsViewController.swift in Sources */,
				13F875DF2C60DE99004C1978 /* AnimeHeaderCell.swift in Sources */,
			);
			runOnlyForDeploymentPostprocessing = 0;
		};
/* End PBXSourcesBuildPhase section */

/* Begin XCBuildConfiguration section */
		13F875772C60DE7C004C1978 /* Debug */ = {
			isa = XCBuildConfiguration;
			buildSettings = {
				ALWAYS_SEARCH_USER_PATHS = NO;
				CLANG_ANALYZER_NONNULL = YES;
				CLANG_ANALYZER_NUMBER_OBJECT_CONVERSION = YES_AGGRESSIVE;
				CLANG_CXX_LANGUAGE_STANDARD = "gnu++17";
				CLANG_CXX_LIBRARY = "libc++";
				CLANG_ENABLE_MODULES = YES;
				CLANG_ENABLE_OBJC_ARC = YES;
				CLANG_ENABLE_OBJC_WEAK = YES;
				CLANG_WARN_BLOCK_CAPTURE_AUTORELEASING = YES;
				CLANG_WARN_BOOL_CONVERSION = YES;
				CLANG_WARN_COMMA = YES;
				CLANG_WARN_CONSTANT_CONVERSION = YES;
				CLANG_WARN_DEPRECATED_OBJC_IMPLEMENTATIONS = YES;
				CLANG_WARN_DIRECT_OBJC_ISA_USAGE = YES_ERROR;
				CLANG_WARN_DOCUMENTATION_COMMENTS = YES;
				CLANG_WARN_EMPTY_BODY = YES;
				CLANG_WARN_ENUM_CONVERSION = YES;
				CLANG_WARN_INFINITE_RECURSION = YES;
				CLANG_WARN_INT_CONVERSION = YES;
				CLANG_WARN_NON_LITERAL_NULL_CONVERSION = YES;
				CLANG_WARN_OBJC_IMPLICIT_RETAIN_SELF = YES;
				CLANG_WARN_OBJC_LITERAL_CONVERSION = YES;
				CLANG_WARN_OBJC_ROOT_CLASS = YES_ERROR;
				CLANG_WARN_QUOTED_INCLUDE_IN_FRAMEWORK_HEADER = YES;
				CLANG_WARN_RANGE_LOOP_ANALYSIS = YES;
				CLANG_WARN_STRICT_PROTOTYPES = YES;
				CLANG_WARN_SUSPICIOUS_MOVE = YES;
				CLANG_WARN_UNGUARDED_AVAILABILITY = YES_AGGRESSIVE;
				CLANG_WARN_UNREACHABLE_CODE = YES;
				CLANG_WARN__DUPLICATE_METHOD_MATCH = YES;
				COPY_PHASE_STRIP = NO;
				DEBUG_INFORMATION_FORMAT = dwarf;
				ENABLE_STRICT_OBJC_MSGSEND = YES;
				ENABLE_TESTABILITY = YES;
				GCC_C_LANGUAGE_STANDARD = gnu11;
				GCC_DYNAMIC_NO_PIC = NO;
				GCC_NO_COMMON_BLOCKS = YES;
				GCC_OPTIMIZATION_LEVEL = 0;
				GCC_PREPROCESSOR_DEFINITIONS = (
					"DEBUG=1",
					"$(inherited)",
				);
				GCC_WARN_64_TO_32_BIT_CONVERSION = YES;
				GCC_WARN_ABOUT_RETURN_TYPE = YES_ERROR;
				GCC_WARN_UNDECLARED_SELECTOR = YES;
				GCC_WARN_UNINITIALIZED_AUTOS = YES_AGGRESSIVE;
				GCC_WARN_UNUSED_FUNCTION = YES;
				GCC_WARN_UNUSED_VARIABLE = YES;
				IPHONEOS_DEPLOYMENT_TARGET = 15.2;
				MTL_ENABLE_DEBUG_INFO = INCLUDE_SOURCE;
				MTL_FAST_MATH = YES;
				ONLY_ACTIVE_ARCH = YES;
				SDKROOT = iphoneos;
				SWIFT_ACTIVE_COMPILATION_CONDITIONS = DEBUG;
				SWIFT_OPTIMIZATION_LEVEL = "-Onone";
			};
			name = Debug;
		};
		13F875782C60DE7C004C1978 /* Release */ = {
			isa = XCBuildConfiguration;
			buildSettings = {
				ALWAYS_SEARCH_USER_PATHS = NO;
				CLANG_ANALYZER_NONNULL = YES;
				CLANG_ANALYZER_NUMBER_OBJECT_CONVERSION = YES_AGGRESSIVE;
				CLANG_CXX_LANGUAGE_STANDARD = "gnu++17";
				CLANG_CXX_LIBRARY = "libc++";
				CLANG_ENABLE_MODULES = YES;
				CLANG_ENABLE_OBJC_ARC = YES;
				CLANG_ENABLE_OBJC_WEAK = YES;
				CLANG_WARN_BLOCK_CAPTURE_AUTORELEASING = YES;
				CLANG_WARN_BOOL_CONVERSION = YES;
				CLANG_WARN_COMMA = YES;
				CLANG_WARN_CONSTANT_CONVERSION = YES;
				CLANG_WARN_DEPRECATED_OBJC_IMPLEMENTATIONS = YES;
				CLANG_WARN_DIRECT_OBJC_ISA_USAGE = YES_ERROR;
				CLANG_WARN_DOCUMENTATION_COMMENTS = YES;
				CLANG_WARN_EMPTY_BODY = YES;
				CLANG_WARN_ENUM_CONVERSION = YES;
				CLANG_WARN_INFINITE_RECURSION = YES;
				CLANG_WARN_INT_CONVERSION = YES;
				CLANG_WARN_NON_LITERAL_NULL_CONVERSION = YES;
				CLANG_WARN_OBJC_IMPLICIT_RETAIN_SELF = YES;
				CLANG_WARN_OBJC_LITERAL_CONVERSION = YES;
				CLANG_WARN_OBJC_ROOT_CLASS = YES_ERROR;
				CLANG_WARN_QUOTED_INCLUDE_IN_FRAMEWORK_HEADER = YES;
				CLANG_WARN_RANGE_LOOP_ANALYSIS = YES;
				CLANG_WARN_STRICT_PROTOTYPES = YES;
				CLANG_WARN_SUSPICIOUS_MOVE = YES;
				CLANG_WARN_UNGUARDED_AVAILABILITY = YES_AGGRESSIVE;
				CLANG_WARN_UNREACHABLE_CODE = YES;
				CLANG_WARN__DUPLICATE_METHOD_MATCH = YES;
				COPY_PHASE_STRIP = NO;
				DEBUG_INFORMATION_FORMAT = "dwarf-with-dsym";
				ENABLE_NS_ASSERTIONS = NO;
				ENABLE_STRICT_OBJC_MSGSEND = YES;
				GCC_C_LANGUAGE_STANDARD = gnu11;
				GCC_NO_COMMON_BLOCKS = YES;
				GCC_WARN_64_TO_32_BIT_CONVERSION = YES;
				GCC_WARN_ABOUT_RETURN_TYPE = YES_ERROR;
				GCC_WARN_UNDECLARED_SELECTOR = YES;
				GCC_WARN_UNINITIALIZED_AUTOS = YES_AGGRESSIVE;
				GCC_WARN_UNUSED_FUNCTION = YES;
				GCC_WARN_UNUSED_VARIABLE = YES;
				IPHONEOS_DEPLOYMENT_TARGET = 15.2;
				MTL_ENABLE_DEBUG_INFO = NO;
				MTL_FAST_MATH = YES;
				SDKROOT = iphoneos;
				SWIFT_COMPILATION_MODE = wholemodule;
				SWIFT_OPTIMIZATION_LEVEL = "-O";
				VALIDATE_PRODUCT = YES;
			};
			name = Release;
		};
		13F8757A2C60DE7C004C1978 /* Debug */ = {
			isa = XCBuildConfiguration;
			buildSettings = {
				ASSETCATALOG_COMPILER_APPICON_NAME = AppIcon;
				ASSETCATALOG_COMPILER_GLOBAL_ACCENT_COLOR_NAME = AccentColor;
				CODE_SIGN_STYLE = Automatic;
				CURRENT_PROJECT_VERSION = 6;
				DEVELOPMENT_TEAM = 399LMK6Q2Y;
				GENERATE_INFOPLIST_FILE = YES;
				INFOPLIST_FILE = AnimeLounge/Info.plist;
				INFOPLIST_KEY_NSLocalNetworkUsageDescription = "AnimeLounge needs this to cast episodes using the Google Cast service";
				INFOPLIST_KEY_UIApplicationSupportsIndirectInputEvents = YES;
				INFOPLIST_KEY_UILaunchStoryboardName = LaunchScreen;
				INFOPLIST_KEY_UIMainStoryboardFile = Main;
				INFOPLIST_KEY_UISupportedInterfaceOrientations = "UIInterfaceOrientationPortrait UIInterfaceOrientationPortraitUpsideDown UIInterfaceOrientationLandscapeLeft UIInterfaceOrientationLandscapeRight";
				INFOPLIST_KEY_UISupportedInterfaceOrientations_iPad = "UIInterfaceOrientationPortrait UIInterfaceOrientationPortraitUpsideDown UIInterfaceOrientationLandscapeLeft UIInterfaceOrientationLandscapeRight";
				INFOPLIST_KEY_UISupportedInterfaceOrientations_iPhone = "UIInterfaceOrientationPortrait UIInterfaceOrientationLandscapeLeft UIInterfaceOrientationLandscapeRight";
				INFOPLIST_KEY_UISupportsDocumentBrowser = YES;
				IPHONEOS_DEPLOYMENT_TARGET = 14.0;
				LD_RUNPATH_SEARCH_PATHS = (
					"$(inherited)",
					"@executable_path/Frameworks",
				);
				MARKETING_VERSION = 1.0.0;
				PRODUCT_BUNDLE_IDENTIFIER = me.cranci.animelounge;
				PRODUCT_NAME = "$(TARGET_NAME)";
				SWIFT_EMIT_LOC_STRINGS = YES;
				SWIFT_VERSION = 5.0;
				TARGETED_DEVICE_FAMILY = "1,2";
			};
			name = Debug;
		};
		13F8757B2C60DE7C004C1978 /* Release */ = {
			isa = XCBuildConfiguration;
			buildSettings = {
				ASSETCATALOG_COMPILER_APPICON_NAME = AppIcon;
				ASSETCATALOG_COMPILER_GLOBAL_ACCENT_COLOR_NAME = AccentColor;
				CODE_SIGN_STYLE = Automatic;
				CURRENT_PROJECT_VERSION = 6;
				DEVELOPMENT_TEAM = 399LMK6Q2Y;
				GENERATE_INFOPLIST_FILE = YES;
				INFOPLIST_FILE = AnimeLounge/Info.plist;
				INFOPLIST_KEY_NSLocalNetworkUsageDescription = "AnimeLounge needs this to cast episodes using the Google Cast service";
				INFOPLIST_KEY_UIApplicationSupportsIndirectInputEvents = YES;
				INFOPLIST_KEY_UILaunchStoryboardName = LaunchScreen;
				INFOPLIST_KEY_UIMainStoryboardFile = Main;
				INFOPLIST_KEY_UISupportedInterfaceOrientations = "UIInterfaceOrientationPortrait UIInterfaceOrientationPortraitUpsideDown UIInterfaceOrientationLandscapeLeft UIInterfaceOrientationLandscapeRight";
				INFOPLIST_KEY_UISupportedInterfaceOrientations_iPad = "UIInterfaceOrientationPortrait UIInterfaceOrientationPortraitUpsideDown UIInterfaceOrientationLandscapeLeft UIInterfaceOrientationLandscapeRight";
				INFOPLIST_KEY_UISupportedInterfaceOrientations_iPhone = "UIInterfaceOrientationPortrait UIInterfaceOrientationLandscapeLeft UIInterfaceOrientationLandscapeRight";
				INFOPLIST_KEY_UISupportsDocumentBrowser = YES;
				IPHONEOS_DEPLOYMENT_TARGET = 14.0;
				LD_RUNPATH_SEARCH_PATHS = (
					"$(inherited)",
					"@executable_path/Frameworks",
				);
				MARKETING_VERSION = 1.0.0;
				PRODUCT_BUNDLE_IDENTIFIER = me.cranci.animelounge;
				PRODUCT_NAME = "$(TARGET_NAME)";
				SWIFT_EMIT_LOC_STRINGS = YES;
				SWIFT_VERSION = 5.0;
				TARGETED_DEVICE_FAMILY = "1,2";
			};
			name = Release;
		};
/* End XCBuildConfiguration section */

/* Begin XCConfigurationList section */
		13F875602C60DE7A004C1978 /* Build configuration list for PBXProject "AnimeLounge" */ = {
			isa = XCConfigurationList;
			buildConfigurations = (
				13F875772C60DE7C004C1978 /* Debug */,
				13F875782C60DE7C004C1978 /* Release */,
			);
			defaultConfigurationIsVisible = 0;
			defaultConfigurationName = Release;
		};
		13F875792C60DE7C004C1978 /* Build configuration list for PBXNativeTarget "AnimeLounge" */ = {
			isa = XCConfigurationList;
			buildConfigurations = (
				13F8757A2C60DE7C004C1978 /* Debug */,
				13F8757B2C60DE7C004C1978 /* Release */,
			);
			defaultConfigurationIsVisible = 0;
			defaultConfigurationName = Release;
		};
/* End XCConfigurationList section */

/* Begin XCRemoteSwiftPackageReference section */
		13F8760F2C60DEB3004C1978 /* XCRemoteSwiftPackageReference "GoogleCastSDK-ios-no-bluetooth" */ = {
			isa = XCRemoteSwiftPackageReference;
			repositoryURL = "https://github.com/SRGSSR/GoogleCastSDK-ios-no-bluetooth.git";
			requirement = {
				branch = master;
				kind = branch;
			};
		};
		13F876122C60DEC3004C1978 /* XCRemoteSwiftPackageReference "Alamofire" */ = {
			isa = XCRemoteSwiftPackageReference;
			repositoryURL = "https://github.com/Alamofire/Alamofire.git";
			requirement = {
				kind = exactVersion;
				version = 5.6.0;
			};
		};
		13F876152C60DED1004C1978 /* XCRemoteSwiftPackageReference "Kingfisher" */ = {
			isa = XCRemoteSwiftPackageReference;
			repositoryURL = "https://github.com/onevcat/Kingfisher.git";
			requirement = {
				kind = exactVersion;
				version = 7.9.1;
			};
		};
		13F876182C60DF51004C1978 /* XCRemoteSwiftPackageReference "SwiftSoup" */ = {
			isa = XCRemoteSwiftPackageReference;
			repositoryURL = "https://github.com/scinfu/SwiftSoup.git";
			requirement = {
				kind = exactVersion;
				version = 2.4.0;
			};
		};
/* End XCRemoteSwiftPackageReference section */

/* Begin XCSwiftPackageProductDependency section */
		13F876102C60DEB3004C1978 /* GoogleCastSDK-ios-no-bluetooth */ = {
			isa = XCSwiftPackageProductDependency;
			package = 13F8760F2C60DEB3004C1978 /* XCRemoteSwiftPackageReference "GoogleCastSDK-ios-no-bluetooth" */;
			productName = "GoogleCastSDK-ios-no-bluetooth";
		};
		13F876132C60DEC3004C1978 /* Alamofire */ = {
			isa = XCSwiftPackageProductDependency;
			package = 13F876122C60DEC3004C1978 /* XCRemoteSwiftPackageReference "Alamofire" */;
			productName = Alamofire;
		};
		13F876162C60DED1004C1978 /* Kingfisher */ = {
			isa = XCSwiftPackageProductDependency;
			package = 13F876152C60DED1004C1978 /* XCRemoteSwiftPackageReference "Kingfisher" */;
			productName = Kingfisher;
		};
		13F876192C60DF51004C1978 /* SwiftSoup */ = {
			isa = XCSwiftPackageProductDependency;
			package = 13F876182C60DF51004C1978 /* XCRemoteSwiftPackageReference "SwiftSoup" */;
			productName = SwiftSoup;
		};
/* End XCSwiftPackageProductDependency section */
	};
	rootObject = 13F8755D2C60DE7A004C1978 /* Project object */;
}
