// !$*UTF8*$!
{
	archiveVersion = 1;
	classes = {
	};
	objectVersion = 55;
	objects = {

/* Begin PBXBuildFile section */
		137F49D92C24B60800B787CB /* SwiftSoup in Frameworks */ = {isa = PBXBuildFile; productRef = 137F49D82C24B60800B787CB /* SwiftSoup */; };
		137F49E92C254BFE00B787CB /* Kingfisher in Frameworks */ = {isa = PBXBuildFile; productRef = 137F49E82C254BFE00B787CB /* Kingfisher */; };
		137F49EC2C254DCA00B787CB /* Alamofire in Frameworks */ = {isa = PBXBuildFile; productRef = 137F49EB2C254DCA00B787CB /* Alamofire */; };
		137F4A332C255DA500B787CB /* SearchViewController.swift in Sources */ = {isa = PBXBuildFile; fileRef = 137F4A322C255DA500B787CB /* SearchViewController.swift */; };
		137F4A352C255E9700B787CB /* SearchResultsViewController.swift in Sources */ = {isa = PBXBuildFile; fileRef = 137F4A342C255E9700B787CB /* SearchResultsViewController.swift */; };
		137F4A422C25820600B787CB /* LibraryViewControlller.swift in Sources */ = {isa = PBXBuildFile; fileRef = 137F4A412C25820600B787CB /* LibraryViewControlller.swift */; };
		137F4A442C258D9000B787CB /* Settings.storyboard in Resources */ = {isa = PBXBuildFile; fileRef = 137F4A432C258D9000B787CB /* Settings.storyboard */; };
		139B16282C26F4A3007E3477 /* AnimeInformation.swift in Sources */ = {isa = PBXBuildFile; fileRef = 139B16272C26F4A3007E3477 /* AnimeInformation.swift */; };
		139B162A2C26F4FC007E3477 /* AnilistAnimeInformation.storyboard in Resources */ = {isa = PBXBuildFile; fileRef = 139B16292C26F4FC007E3477 /* AnilistAnimeInformation.storyboard */; };
		139B16472C270D41007E3477 /* AiringAnime.swift in Sources */ = {isa = PBXBuildFile; fileRef = 139B16462C270D41007E3477 /* AiringAnime.swift */; };
		139B164C2C270FAF007E3477 /* AiringAnimeCell-Swift.swift in Sources */ = {isa = PBXBuildFile; fileRef = 139B164A2C270FAF007E3477 /* AiringAnimeCell-Swift.swift */; };
		139B164D2C270FAF007E3477 /* AiringAnimeCell.xib in Resources */ = {isa = PBXBuildFile; fileRef = 139B164B2C270FAF007E3477 /* AiringAnimeCell.xib */; };
		139B16502C272A55007E3477 /* SettingsViewController.swift in Sources */ = {isa = PBXBuildFile; fileRef = 139B164F2C272A55007E3477 /* SettingsViewController.swift */; };
		13AA298F2C245EDD00C8CA8E /* AppDelegate.swift in Sources */ = {isa = PBXBuildFile; fileRef = 13AA298E2C245EDD00C8CA8E /* AppDelegate.swift */; };
		13AA29912C245EDD00C8CA8E /* SceneDelegate.swift in Sources */ = {isa = PBXBuildFile; fileRef = 13AA29902C245EDD00C8CA8E /* SceneDelegate.swift */; };
		13AA29932C245EDD00C8CA8E /* ViewController.swift in Sources */ = {isa = PBXBuildFile; fileRef = 13AA29922C245EDD00C8CA8E /* ViewController.swift */; };
		13AA29962C245EDD00C8CA8E /* Main.storyboard in Resources */ = {isa = PBXBuildFile; fileRef = 13AA29942C245EDD00C8CA8E /* Main.storyboard */; };
		13AA29982C245EDF00C8CA8E /* Assets.xcassets in Resources */ = {isa = PBXBuildFile; fileRef = 13AA29972C245EDF00C8CA8E /* Assets.xcassets */; };
		13AA299B2C245EDF00C8CA8E /* LaunchScreen.storyboard in Resources */ = {isa = PBXBuildFile; fileRef = 13AA29992C245EDF00C8CA8E /* LaunchScreen.storyboard */; };
		13AA29A62C245EDF00C8CA8E /* AnimeLoungeTests.swift in Sources */ = {isa = PBXBuildFile; fileRef = 13AA29A52C245EDF00C8CA8E /* AnimeLoungeTests.swift */; };
		13AA29B02C245EDF00C8CA8E /* AnimeLoungeUITests.swift in Sources */ = {isa = PBXBuildFile; fileRef = 13AA29AF2C245EDF00C8CA8E /* AnimeLoungeUITests.swift */; };
		13AA29B22C245EDF00C8CA8E /* AnimeLoungeUITestsLaunchTests.swift in Sources */ = {isa = PBXBuildFile; fileRef = 13AA29B12C245EDF00C8CA8E /* AnimeLoungeUITestsLaunchTests.swift */; };
		13CD3A6B2C2601E800B046F9 /* TrendingAnime.swift in Sources */ = {isa = PBXBuildFile; fileRef = 13CD3A6A2C2601E800B046F9 /* TrendingAnime.swift */; };
		13CD3A6D2C26028500B046F9 /* SeasonalAnime.swift in Sources */ = {isa = PBXBuildFile; fileRef = 13CD3A6C2C26028500B046F9 /* SeasonalAnime.swift */; };
		13CD3A7B2C26040C00B046F9 /* SeasonalAnimeCell-Swift.swift in Sources */ = {isa = PBXBuildFile; fileRef = 13CD3A792C26040C00B046F9 /* SeasonalAnimeCell-Swift.swift */; };
		13CD3A7C2C26040C00B046F9 /* SeasonalAnimeCell.xib in Resources */ = {isa = PBXBuildFile; fileRef = 13CD3A7A2C26040C00B046F9 /* SeasonalAnimeCell.xib */; };
		13CD3A802C26B25E00B046F9 /* AnimeDetailsViewController.swift in Sources */ = {isa = PBXBuildFile; fileRef = 13CD3A7F2C26B25E00B046F9 /* AnimeDetailsViewController.swift */; };
		13CD3A832C26BB5C00B046F9 /* FavoritesViewController.swift in Sources */ = {isa = PBXBuildFile; fileRef = 13CD3A822C26BB5C00B046F9 /* FavoritesViewController.swift */; };
		13E4464E2C25C38A002B14E8 /* WatchNextViewController.swift in Sources */ = {isa = PBXBuildFile; fileRef = 13E4464D2C25C38A002B14E8 /* WatchNextViewController.swift */; };
		13E446522C25CBA3002B14E8 /* TrendingAnimeCell.xib in Resources */ = {isa = PBXBuildFile; fileRef = 13E446512C25CBA3002B14E8 /* TrendingAnimeCell.xib */; };
		13E446542C25CBCA002B14E8 /* TrendingAnimeCell-Swift.swift in Sources */ = {isa = PBXBuildFile; fileRef = 13E446532C25CBCA002B14E8 /* TrendingAnimeCell-Swift.swift */; };
/* End PBXBuildFile section */

/* Begin PBXContainerItemProxy section */
		13AA29A22C245EDF00C8CA8E /* PBXContainerItemProxy */ = {
			isa = PBXContainerItemProxy;
			containerPortal = 13AA29832C245EDD00C8CA8E /* Project object */;
			proxyType = 1;
			remoteGlobalIDString = 13AA298A2C245EDD00C8CA8E;
			remoteInfo = AnimeLounge;
		};
		13AA29AC2C245EDF00C8CA8E /* PBXContainerItemProxy */ = {
			isa = PBXContainerItemProxy;
			containerPortal = 13AA29832C245EDD00C8CA8E /* Project object */;
			proxyType = 1;
			remoteGlobalIDString = 13AA298A2C245EDD00C8CA8E;
			remoteInfo = AnimeLounge;
		};
/* End PBXContainerItemProxy section */

/* Begin PBXFileReference section */
		137F4A322C255DA500B787CB /* SearchViewController.swift */ = {isa = PBXFileReference; lastKnownFileType = sourcecode.swift; path = SearchViewController.swift; sourceTree = "<group>"; };
		137F4A342C255E9700B787CB /* SearchResultsViewController.swift */ = {isa = PBXFileReference; lastKnownFileType = sourcecode.swift; path = SearchResultsViewController.swift; sourceTree = "<group>"; };
		137F4A412C25820600B787CB /* LibraryViewControlller.swift */ = {isa = PBXFileReference; lastKnownFileType = sourcecode.swift; path = LibraryViewControlller.swift; sourceTree = "<group>"; };
		137F4A432C258D9000B787CB /* Settings.storyboard */ = {isa = PBXFileReference; lastKnownFileType = file.storyboard; path = Settings.storyboard; sourceTree = "<group>"; };
		139B16272C26F4A3007E3477 /* AnimeInformation.swift */ = {isa = PBXFileReference; lastKnownFileType = sourcecode.swift; path = AnimeInformation.swift; sourceTree = "<group>"; };
		139B16292C26F4FC007E3477 /* AnilistAnimeInformation.storyboard */ = {isa = PBXFileReference; lastKnownFileType = file.storyboard; path = AnilistAnimeInformation.storyboard; sourceTree = "<group>"; };
		139B16462C270D41007E3477 /* AiringAnime.swift */ = {isa = PBXFileReference; lastKnownFileType = sourcecode.swift; path = AiringAnime.swift; sourceTree = "<group>"; };
		139B164A2C270FAF007E3477 /* AiringAnimeCell-Swift.swift */ = {isa = PBXFileReference; fileEncoding = 4; lastKnownFileType = sourcecode.swift; path = "AiringAnimeCell-Swift.swift"; sourceTree = "<group>"; };
		139B164B2C270FAF007E3477 /* AiringAnimeCell.xib */ = {isa = PBXFileReference; fileEncoding = 4; lastKnownFileType = file.xib; path = AiringAnimeCell.xib; sourceTree = "<group>"; };
		139B164F2C272A55007E3477 /* SettingsViewController.swift */ = {isa = PBXFileReference; lastKnownFileType = sourcecode.swift; path = SettingsViewController.swift; sourceTree = "<group>"; };
		13AA298B2C245EDD00C8CA8E /* AnimeLounge.app */ = {isa = PBXFileReference; explicitFileType = wrapper.application; includeInIndex = 0; path = AnimeLounge.app; sourceTree = BUILT_PRODUCTS_DIR; };
		13AA298E2C245EDD00C8CA8E /* AppDelegate.swift */ = {isa = PBXFileReference; lastKnownFileType = sourcecode.swift; path = AppDelegate.swift; sourceTree = "<group>"; };
		13AA29902C245EDD00C8CA8E /* SceneDelegate.swift */ = {isa = PBXFileReference; lastKnownFileType = sourcecode.swift; path = SceneDelegate.swift; sourceTree = "<group>"; };
		13AA29922C245EDD00C8CA8E /* ViewController.swift */ = {isa = PBXFileReference; lastKnownFileType = sourcecode.swift; path = ViewController.swift; sourceTree = "<group>"; };
		13AA29952C245EDD00C8CA8E /* Base */ = {isa = PBXFileReference; lastKnownFileType = file.storyboard; name = Base; path = Base.lproj/Main.storyboard; sourceTree = "<group>"; };
		13AA29972C245EDF00C8CA8E /* Assets.xcassets */ = {isa = PBXFileReference; lastKnownFileType = folder.assetcatalog; path = Assets.xcassets; sourceTree = "<group>"; };
		13AA299A2C245EDF00C8CA8E /* Base */ = {isa = PBXFileReference; lastKnownFileType = file.storyboard; name = Base; path = Base.lproj/LaunchScreen.storyboard; sourceTree = "<group>"; };
		13AA299C2C245EDF00C8CA8E /* Info.plist */ = {isa = PBXFileReference; lastKnownFileType = text.plist.xml; path = Info.plist; sourceTree = "<group>"; };
		13AA29A12C245EDF00C8CA8E /* AnimeLoungeTests.xctest */ = {isa = PBXFileReference; explicitFileType = wrapper.cfbundle; includeInIndex = 0; path = AnimeLoungeTests.xctest; sourceTree = BUILT_PRODUCTS_DIR; };
		13AA29A52C245EDF00C8CA8E /* AnimeLoungeTests.swift */ = {isa = PBXFileReference; lastKnownFileType = sourcecode.swift; path = AnimeLoungeTests.swift; sourceTree = "<group>"; };
		13AA29AB2C245EDF00C8CA8E /* AnimeLoungeUITests.xctest */ = {isa = PBXFileReference; explicitFileType = wrapper.cfbundle; includeInIndex = 0; path = AnimeLoungeUITests.xctest; sourceTree = BUILT_PRODUCTS_DIR; };
		13AA29AF2C245EDF00C8CA8E /* AnimeLoungeUITests.swift */ = {isa = PBXFileReference; lastKnownFileType = sourcecode.swift; path = AnimeLoungeUITests.swift; sourceTree = "<group>"; };
		13AA29B12C245EDF00C8CA8E /* AnimeLoungeUITestsLaunchTests.swift */ = {isa = PBXFileReference; lastKnownFileType = sourcecode.swift; path = AnimeLoungeUITestsLaunchTests.swift; sourceTree = "<group>"; };
		13CD3A6A2C2601E800B046F9 /* TrendingAnime.swift */ = {isa = PBXFileReference; lastKnownFileType = sourcecode.swift; path = TrendingAnime.swift; sourceTree = "<group>"; };
		13CD3A6C2C26028500B046F9 /* SeasonalAnime.swift */ = {isa = PBXFileReference; lastKnownFileType = sourcecode.swift; path = SeasonalAnime.swift; sourceTree = "<group>"; };
		13CD3A792C26040C00B046F9 /* SeasonalAnimeCell-Swift.swift */ = {isa = PBXFileReference; fileEncoding = 4; lastKnownFileType = sourcecode.swift; path = "SeasonalAnimeCell-Swift.swift"; sourceTree = "<group>"; };
		13CD3A7A2C26040C00B046F9 /* SeasonalAnimeCell.xib */ = {isa = PBXFileReference; fileEncoding = 4; lastKnownFileType = file.xib; path = SeasonalAnimeCell.xib; sourceTree = "<group>"; };
		13CD3A7F2C26B25E00B046F9 /* AnimeDetailsViewController.swift */ = {isa = PBXFileReference; lastKnownFileType = sourcecode.swift; path = AnimeDetailsViewController.swift; sourceTree = "<group>"; };
		13CD3A822C26BB5C00B046F9 /* FavoritesViewController.swift */ = {isa = PBXFileReference; lastKnownFileType = sourcecode.swift; path = FavoritesViewController.swift; sourceTree = "<group>"; };
		13E4464D2C25C38A002B14E8 /* WatchNextViewController.swift */ = {isa = PBXFileReference; lastKnownFileType = sourcecode.swift; path = WatchNextViewController.swift; sourceTree = "<group>"; };
		13E446512C25CBA3002B14E8 /* TrendingAnimeCell.xib */ = {isa = PBXFileReference; lastKnownFileType = file.xib; path = TrendingAnimeCell.xib; sourceTree = "<group>"; };
		13E446532C25CBCA002B14E8 /* TrendingAnimeCell-Swift.swift */ = {isa = PBXFileReference; lastKnownFileType = sourcecode.swift; path = "TrendingAnimeCell-Swift.swift"; sourceTree = "<group>"; };
/* End PBXFileReference section */

/* Begin PBXFrameworksBuildPhase section */
		13AA29882C245EDD00C8CA8E /* Frameworks */ = {
			isa = PBXFrameworksBuildPhase;
			buildActionMask = 2147483647;
			files = (
				137F49EC2C254DCA00B787CB /* Alamofire in Frameworks */,
				137F49E92C254BFE00B787CB /* Kingfisher in Frameworks */,
				137F49D92C24B60800B787CB /* SwiftSoup in Frameworks */,
			);
			runOnlyForDeploymentPostprocessing = 0;
		};
		13AA299E2C245EDF00C8CA8E /* Frameworks */ = {
			isa = PBXFrameworksBuildPhase;
			buildActionMask = 2147483647;
			files = (
			);
			runOnlyForDeploymentPostprocessing = 0;
		};
		13AA29A82C245EDF00C8CA8E /* Frameworks */ = {
			isa = PBXFrameworksBuildPhase;
			buildActionMask = 2147483647;
			files = (
			);
			runOnlyForDeploymentPostprocessing = 0;
		};
/* End PBXFrameworksBuildPhase section */

/* Begin PBXGroup section */
		137F4A2B2C255D1C00B787CB /* Search */ = {
			isa = PBXGroup;
			children = (
				137F4A322C255DA500B787CB /* SearchViewController.swift */,
				137F4A342C255E9700B787CB /* SearchResultsViewController.swift */,
			);
			path = Search;
			sourceTree = "<group>";
		};
		137F4A452C258DE200B787CB /* Views */ = {
			isa = PBXGroup;
			children = (
				13AA29992C245EDF00C8CA8E /* LaunchScreen.storyboard */,
				13AA29942C245EDD00C8CA8E /* Main.storyboard */,
				137F4A432C258D9000B787CB /* Settings.storyboard */,
				139B16292C26F4FC007E3477 /* AnilistAnimeInformation.storyboard */,
			);
			path = Views;
			sourceTree = "<group>";
		};
		139B16482C270E07007E3477 /* Anime-Fetching */ = {
			isa = PBXGroup;
			children = (
				139B16462C270D41007E3477 /* AiringAnime.swift */,
				13CD3A6A2C2601E800B046F9 /* TrendingAnime.swift */,
				13CD3A6C2C26028500B046F9 /* SeasonalAnime.swift */,
			);
			path = "Anime-Fetching";
			sourceTree = "<group>";
		};
		139B16492C270F7D007E3477 /* AiringAnimeCell */ = {
			isa = PBXGroup;
			children = (
				139B164A2C270FAF007E3477 /* AiringAnimeCell-Swift.swift */,
				139B164B2C270FAF007E3477 /* AiringAnimeCell.xib */,
			);
			path = AiringAnimeCell;
			sourceTree = "<group>";
		};
		139B164E2C272A48007E3477 /* Settings */ = {
			isa = PBXGroup;
			children = (
				139B164F2C272A55007E3477 /* SettingsViewController.swift */,
			);
			path = Settings;
			sourceTree = "<group>";
		};
		13AA29822C245EDD00C8CA8E = {
			isa = PBXGroup;
			children = (
				13AA298D2C245EDD00C8CA8E /* AnimeLounge */,
				13AA29A42C245EDF00C8CA8E /* AnimeLoungeTests */,
				13AA29AE2C245EDF00C8CA8E /* AnimeLoungeUITests */,
				13AA298C2C245EDD00C8CA8E /* Products */,
			);
			sourceTree = "<group>";
		};
		13AA298C2C245EDD00C8CA8E /* Products */ = {
			isa = PBXGroup;
			children = (
				13AA298B2C245EDD00C8CA8E /* AnimeLounge.app */,
				13AA29A12C245EDF00C8CA8E /* AnimeLoungeTests.xctest */,
				13AA29AB2C245EDF00C8CA8E /* AnimeLoungeUITests.xctest */,
			);
			name = Products;
			sourceTree = "<group>";
		};
		13AA298D2C245EDD00C8CA8E /* AnimeLounge */ = {
			isa = PBXGroup;
			children = (
				13CD3A692C2601D500B046F9 /* Anilist-Services */,
				13E446412C25AC25002B14E8 /* SwiftViews */,
				137F4A452C258DE200B787CB /* Views */,
				13AA298E2C245EDD00C8CA8E /* AppDelegate.swift */,
				13AA29902C245EDD00C8CA8E /* SceneDelegate.swift */,
				13AA29922C245EDD00C8CA8E /* ViewController.swift */,
				13AA29972C245EDF00C8CA8E /* Assets.xcassets */,
				13AA299C2C245EDF00C8CA8E /* Info.plist */,
			);
			path = AnimeLounge;
			sourceTree = "<group>";
		};
		13AA29A42C245EDF00C8CA8E /* AnimeLoungeTests */ = {
			isa = PBXGroup;
			children = (
				13AA29A52C245EDF00C8CA8E /* AnimeLoungeTests.swift */,
			);
			path = AnimeLoungeTests;
			sourceTree = "<group>";
		};
		13AA29AE2C245EDF00C8CA8E /* AnimeLoungeUITests */ = {
			isa = PBXGroup;
			children = (
				13AA29AF2C245EDF00C8CA8E /* AnimeLoungeUITests.swift */,
				13AA29B12C245EDF00C8CA8E /* AnimeLoungeUITestsLaunchTests.swift */,
			);
			path = AnimeLoungeUITests;
			sourceTree = "<group>";
		};
		13AA29BE2C24708A00C8CA8E /* Library */ = {
			isa = PBXGroup;
			children = (
				137F4A412C25820600B787CB /* LibraryViewControlller.swift */,
			);
			path = Library;
			sourceTree = "<group>";
		};
		13CD3A642C25D39000B046F9 /* TrendingAnimeCell */ = {
			isa = PBXGroup;
			children = (
				13E446532C25CBCA002B14E8 /* TrendingAnimeCell-Swift.swift */,
				13E446512C25CBA3002B14E8 /* TrendingAnimeCell.xib */,
			);
			path = TrendingAnimeCell;
			sourceTree = "<group>";
		};
		13CD3A692C2601D500B046F9 /* Anilist-Services */ = {
			isa = PBXGroup;
			children = (
				139B16482C270E07007E3477 /* Anime-Fetching */,
				139B16272C26F4A3007E3477 /* AnimeInformation.swift */,
			);
			path = "Anilist-Services";
			sourceTree = "<group>";
		};
		13CD3A6E2C26037800B046F9 /* SeasonalAnimeCell */ = {
			isa = PBXGroup;
			children = (
				13CD3A792C26040C00B046F9 /* SeasonalAnimeCell-Swift.swift */,
				13CD3A7A2C26040C00B046F9 /* SeasonalAnimeCell.xib */,
			);
			path = SeasonalAnimeCell;
			sourceTree = "<group>";
		};
		13CD3A7D2C26043500B046F9 /* CustomCells */ = {
			isa = PBXGroup;
			children = (
				139B16492C270F7D007E3477 /* AiringAnimeCell */,
				13CD3A6E2C26037800B046F9 /* SeasonalAnimeCell */,
				13CD3A642C25D39000B046F9 /* TrendingAnimeCell */,
			);
			path = CustomCells;
			sourceTree = "<group>";
		};
		13CD3A7E2C26B24D00B046F9 /* Anime Details */ = {
			isa = PBXGroup;
			children = (
				13CD3A7F2C26B25E00B046F9 /* AnimeDetailsViewController.swift */,
			);
			path = "Anime Details";
			sourceTree = "<group>";
		};
		13CD3A812C26BA2700B046F9 /* Favorites */ = {
			isa = PBXGroup;
			children = (
				13CD3A822C26BB5C00B046F9 /* FavoritesViewController.swift */,
			);
			path = Favorites;
			sourceTree = "<group>";
		};
		13E446412C25AC25002B14E8 /* SwiftViews */ = {
			isa = PBXGroup;
			children = (
				139B164E2C272A48007E3477 /* Settings */,
				13CD3A812C26BA2700B046F9 /* Favorites */,
				13CD3A7E2C26B24D00B046F9 /* Anime Details */,
				13E4464A2C25C33F002B14E8 /* Watch Next */,
				137F4A2B2C255D1C00B787CB /* Search */,
				13AA29BE2C24708A00C8CA8E /* Library */,
			);
			path = SwiftViews;
			sourceTree = "<group>";
		};
		13E4464A2C25C33F002B14E8 /* Watch Next */ = {
			isa = PBXGroup;
			children = (
				13CD3A7D2C26043500B046F9 /* CustomCells */,
				13E4464D2C25C38A002B14E8 /* WatchNextViewController.swift */,
			);
			path = "Watch Next";
			sourceTree = "<group>";
		};
/* End PBXGroup section */

/* Begin PBXNativeTarget section */
		13AA298A2C245EDD00C8CA8E /* AnimeLounge */ = {
			isa = PBXNativeTarget;
			buildConfigurationList = 13AA29B52C245EDF00C8CA8E /* Build configuration list for PBXNativeTarget "AnimeLounge" */;
			buildPhases = (
				13AA29872C245EDD00C8CA8E /* Sources */,
				13AA29882C245EDD00C8CA8E /* Frameworks */,
				13AA29892C245EDD00C8CA8E /* Resources */,
			);
			buildRules = (
			);
			dependencies = (
			);
			name = AnimeLounge;
			packageProductDependencies = (
				137F49D82C24B60800B787CB /* SwiftSoup */,
				137F49E82C254BFE00B787CB /* Kingfisher */,
				137F49EB2C254DCA00B787CB /* Alamofire */,
			);
			productName = AnimeLounge;
			productReference = 13AA298B2C245EDD00C8CA8E /* AnimeLounge.app */;
			productType = "com.apple.product-type.application";
		};
		13AA29A02C245EDF00C8CA8E /* AnimeLoungeTests */ = {
			isa = PBXNativeTarget;
			buildConfigurationList = 13AA29B82C245EDF00C8CA8E /* Build configuration list for PBXNativeTarget "AnimeLoungeTests" */;
			buildPhases = (
				13AA299D2C245EDF00C8CA8E /* Sources */,
				13AA299E2C245EDF00C8CA8E /* Frameworks */,
				13AA299F2C245EDF00C8CA8E /* Resources */,
			);
			buildRules = (
			);
			dependencies = (
				13AA29A32C245EDF00C8CA8E /* PBXTargetDependency */,
			);
			name = AnimeLoungeTests;
			productName = AnimeLoungeTests;
			productReference = 13AA29A12C245EDF00C8CA8E /* AnimeLoungeTests.xctest */;
			productType = "com.apple.product-type.bundle.unit-test";
		};
		13AA29AA2C245EDF00C8CA8E /* AnimeLoungeUITests */ = {
			isa = PBXNativeTarget;
			buildConfigurationList = 13AA29BB2C245EDF00C8CA8E /* Build configuration list for PBXNativeTarget "AnimeLoungeUITests" */;
			buildPhases = (
				13AA29A72C245EDF00C8CA8E /* Sources */,
				13AA29A82C245EDF00C8CA8E /* Frameworks */,
				13AA29A92C245EDF00C8CA8E /* Resources */,
			);
			buildRules = (
			);
			dependencies = (
				13AA29AD2C245EDF00C8CA8E /* PBXTargetDependency */,
			);
			name = AnimeLoungeUITests;
			productName = AnimeLoungeUITests;
			productReference = 13AA29AB2C245EDF00C8CA8E /* AnimeLoungeUITests.xctest */;
			productType = "com.apple.product-type.bundle.ui-testing";
		};
/* End PBXNativeTarget section */

/* Begin PBXProject section */
		13AA29832C245EDD00C8CA8E /* Project object */ = {
			isa = PBXProject;
			attributes = {
				BuildIndependentTargetsInParallel = 1;
				LastSwiftUpdateCheck = 1320;
				LastUpgradeCheck = 1320;
				TargetAttributes = {
					13AA298A2C245EDD00C8CA8E = {
						CreatedOnToolsVersion = 13.2.1;
					};
					13AA29A02C245EDF00C8CA8E = {
						CreatedOnToolsVersion = 13.2.1;
						TestTargetID = 13AA298A2C245EDD00C8CA8E;
					};
					13AA29AA2C245EDF00C8CA8E = {
						CreatedOnToolsVersion = 13.2.1;
						TestTargetID = 13AA298A2C245EDD00C8CA8E;
					};
				};
			};
			buildConfigurationList = 13AA29862C245EDD00C8CA8E /* Build configuration list for PBXProject "AnimeLounge" */;
			compatibilityVersion = "Xcode 13.0";
			developmentRegion = en;
			hasScannedForEncodings = 0;
			knownRegions = (
				en,
				Base,
			);
			mainGroup = 13AA29822C245EDD00C8CA8E;
			packageReferences = (
				137F49D72C24B60800B787CB /* XCRemoteSwiftPackageReference "SwiftSoup" */,
				137F49E72C254BFE00B787CB /* XCRemoteSwiftPackageReference "Kingfisher" */,
				137F49EA2C254DCA00B787CB /* XCRemoteSwiftPackageReference "Alamofire" */,
			);
			productRefGroup = 13AA298C2C245EDD00C8CA8E /* Products */;
			projectDirPath = "";
			projectRoot = "";
			targets = (
				13AA298A2C245EDD00C8CA8E /* AnimeLounge */,
				13AA29A02C245EDF00C8CA8E /* AnimeLoungeTests */,
				13AA29AA2C245EDF00C8CA8E /* AnimeLoungeUITests */,
			);
		};
/* End PBXProject section */

/* Begin PBXResourcesBuildPhase section */
		13AA29892C245EDD00C8CA8E /* Resources */ = {
			isa = PBXResourcesBuildPhase;
			buildActionMask = 2147483647;
			files = (
				139B164D2C270FAF007E3477 /* AiringAnimeCell.xib in Resources */,
				13AA299B2C245EDF00C8CA8E /* LaunchScreen.storyboard in Resources */,
				13AA29982C245EDF00C8CA8E /* Assets.xcassets in Resources */,
				13AA29962C245EDD00C8CA8E /* Main.storyboard in Resources */,
				13E446522C25CBA3002B14E8 /* TrendingAnimeCell.xib in Resources */,
				13CD3A7C2C26040C00B046F9 /* SeasonalAnimeCell.xib in Resources */,
				137F4A442C258D9000B787CB /* Settings.storyboard in Resources */,
				139B162A2C26F4FC007E3477 /* AnilistAnimeInformation.storyboard in Resources */,
			);
			runOnlyForDeploymentPostprocessing = 0;
		};
		13AA299F2C245EDF00C8CA8E /* Resources */ = {
			isa = PBXResourcesBuildPhase;
			buildActionMask = 2147483647;
			files = (
			);
			runOnlyForDeploymentPostprocessing = 0;
		};
		13AA29A92C245EDF00C8CA8E /* Resources */ = {
			isa = PBXResourcesBuildPhase;
			buildActionMask = 2147483647;
			files = (
			);
			runOnlyForDeploymentPostprocessing = 0;
		};
/* End PBXResourcesBuildPhase section */

/* Begin PBXSourcesBuildPhase section */
		13AA29872C245EDD00C8CA8E /* Sources */ = {
			isa = PBXSourcesBuildPhase;
			buildActionMask = 2147483647;
			files = (
				13CD3A832C26BB5C00B046F9 /* FavoritesViewController.swift in Sources */,
				137F4A332C255DA500B787CB /* SearchViewController.swift in Sources */,
				13AA29932C245EDD00C8CA8E /* ViewController.swift in Sources */,
				13AA298F2C245EDD00C8CA8E /* AppDelegate.swift in Sources */,
				139B164C2C270FAF007E3477 /* AiringAnimeCell-Swift.swift in Sources */,
				137F4A352C255E9700B787CB /* SearchResultsViewController.swift in Sources */,
				139B16282C26F4A3007E3477 /* AnimeInformation.swift in Sources */,
				13CD3A6D2C26028500B046F9 /* SeasonalAnime.swift in Sources */,
				139B16472C270D41007E3477 /* AiringAnime.swift in Sources */,
				13CD3A6B2C2601E800B046F9 /* TrendingAnime.swift in Sources */,
				13CD3A7B2C26040C00B046F9 /* SeasonalAnimeCell-Swift.swift in Sources */,
				13E4464E2C25C38A002B14E8 /* WatchNextViewController.swift in Sources */,
				139B16502C272A55007E3477 /* SettingsViewController.swift in Sources */,
				13CD3A802C26B25E00B046F9 /* AnimeDetailsViewController.swift in Sources */,
				137F4A422C25820600B787CB /* LibraryViewControlller.swift in Sources */,
				13AA29912C245EDD00C8CA8E /* SceneDelegate.swift in Sources */,
				13E446542C25CBCA002B14E8 /* TrendingAnimeCell-Swift.swift in Sources */,
			);
			runOnlyForDeploymentPostprocessing = 0;
		};
		13AA299D2C245EDF00C8CA8E /* Sources */ = {
			isa = PBXSourcesBuildPhase;
			buildActionMask = 2147483647;
			files = (
				13AA29A62C245EDF00C8CA8E /* AnimeLoungeTests.swift in Sources */,
			);
			runOnlyForDeploymentPostprocessing = 0;
		};
		13AA29A72C245EDF00C8CA8E /* Sources */ = {
			isa = PBXSourcesBuildPhase;
			buildActionMask = 2147483647;
			files = (
				13AA29B02C245EDF00C8CA8E /* AnimeLoungeUITests.swift in Sources */,
				13AA29B22C245EDF00C8CA8E /* AnimeLoungeUITestsLaunchTests.swift in Sources */,
			);
			runOnlyForDeploymentPostprocessing = 0;
		};
/* End PBXSourcesBuildPhase section */

/* Begin PBXTargetDependency section */
		13AA29A32C245EDF00C8CA8E /* PBXTargetDependency */ = {
			isa = PBXTargetDependency;
			target = 13AA298A2C245EDD00C8CA8E /* AnimeLounge */;
			targetProxy = 13AA29A22C245EDF00C8CA8E /* PBXContainerItemProxy */;
		};
		13AA29AD2C245EDF00C8CA8E /* PBXTargetDependency */ = {
			isa = PBXTargetDependency;
			target = 13AA298A2C245EDD00C8CA8E /* AnimeLounge */;
			targetProxy = 13AA29AC2C245EDF00C8CA8E /* PBXContainerItemProxy */;
		};
/* End PBXTargetDependency section */

/* Begin PBXVariantGroup section */
		13AA29942C245EDD00C8CA8E /* Main.storyboard */ = {
			isa = PBXVariantGroup;
			children = (
				13AA29952C245EDD00C8CA8E /* Base */,
			);
			name = Main.storyboard;
			sourceTree = "<group>";
		};
		13AA29992C245EDF00C8CA8E /* LaunchScreen.storyboard */ = {
			isa = PBXVariantGroup;
			children = (
				13AA299A2C245EDF00C8CA8E /* Base */,
			);
			name = LaunchScreen.storyboard;
			sourceTree = "<group>";
		};
/* End PBXVariantGroup section */

/* Begin XCBuildConfiguration section */
		13AA29B32C245EDF00C8CA8E /* Debug */ = {
			isa = XCBuildConfiguration;
			buildSettings = {
				ALWAYS_SEARCH_USER_PATHS = NO;
				CLANG_ANALYZER_NONNULL = YES;
				CLANG_ANALYZER_NUMBER_OBJECT_CONVERSION = YES_AGGRESSIVE;
				CLANG_CXX_LANGUAGE_STANDARD = "gnu++17";
				CLANG_CXX_LIBRARY = "libc++";
				CLANG_ENABLE_MODULES = YES;
				CLANG_ENABLE_OBJC_ARC = YES;
				CLANG_ENABLE_OBJC_WEAK = YES;
				CLANG_WARN_BLOCK_CAPTURE_AUTORELEASING = YES;
				CLANG_WARN_BOOL_CONVERSION = YES;
				CLANG_WARN_COMMA = YES;
				CLANG_WARN_CONSTANT_CONVERSION = YES;
				CLANG_WARN_DEPRECATED_OBJC_IMPLEMENTATIONS = YES;
				CLANG_WARN_DIRECT_OBJC_ISA_USAGE = YES_ERROR;
				CLANG_WARN_DOCUMENTATION_COMMENTS = YES;
				CLANG_WARN_EMPTY_BODY = YES;
				CLANG_WARN_ENUM_CONVERSION = YES;
				CLANG_WARN_INFINITE_RECURSION = YES;
				CLANG_WARN_INT_CONVERSION = YES;
				CLANG_WARN_NON_LITERAL_NULL_CONVERSION = YES;
				CLANG_WARN_OBJC_IMPLICIT_RETAIN_SELF = YES;
				CLANG_WARN_OBJC_LITERAL_CONVERSION = YES;
				CLANG_WARN_OBJC_ROOT_CLASS = YES_ERROR;
				CLANG_WARN_QUOTED_INCLUDE_IN_FRAMEWORK_HEADER = YES;
				CLANG_WARN_RANGE_LOOP_ANALYSIS = YES;
				CLANG_WARN_STRICT_PROTOTYPES = YES;
				CLANG_WARN_SUSPICIOUS_MOVE = YES;
				CLANG_WARN_UNGUARDED_AVAILABILITY = YES_AGGRESSIVE;
				CLANG_WARN_UNREACHABLE_CODE = YES;
				CLANG_WARN__DUPLICATE_METHOD_MATCH = YES;
				COPY_PHASE_STRIP = NO;
				DEBUG_INFORMATION_FORMAT = dwarf;
				ENABLE_STRICT_OBJC_MSGSEND = YES;
				ENABLE_TESTABILITY = YES;
				GCC_C_LANGUAGE_STANDARD = gnu11;
				GCC_DYNAMIC_NO_PIC = NO;
				GCC_NO_COMMON_BLOCKS = YES;
				GCC_OPTIMIZATION_LEVEL = 0;
				GCC_PREPROCESSOR_DEFINITIONS = (
					"DEBUG=1",
					"$(inherited)",
				);
				GCC_WARN_64_TO_32_BIT_CONVERSION = YES;
				GCC_WARN_ABOUT_RETURN_TYPE = YES_ERROR;
				GCC_WARN_UNDECLARED_SELECTOR = YES;
				GCC_WARN_UNINITIALIZED_AUTOS = YES_AGGRESSIVE;
				GCC_WARN_UNUSED_FUNCTION = YES;
				GCC_WARN_UNUSED_VARIABLE = YES;
				IPHONEOS_DEPLOYMENT_TARGET = 15.2;
				MTL_ENABLE_DEBUG_INFO = INCLUDE_SOURCE;
				MTL_FAST_MATH = YES;
				ONLY_ACTIVE_ARCH = YES;
				SDKROOT = iphoneos;
				SWIFT_ACTIVE_COMPILATION_CONDITIONS = DEBUG;
				SWIFT_OPTIMIZATION_LEVEL = "-Onone";
			};
			name = Debug;
		};
		13AA29B42C245EDF00C8CA8E /* Release */ = {
			isa = XCBuildConfiguration;
			buildSettings = {
				ALWAYS_SEARCH_USER_PATHS = NO;
				CLANG_ANALYZER_NONNULL = YES;
				CLANG_ANALYZER_NUMBER_OBJECT_CONVERSION = YES_AGGRESSIVE;
				CLANG_CXX_LANGUAGE_STANDARD = "gnu++17";
				CLANG_CXX_LIBRARY = "libc++";
				CLANG_ENABLE_MODULES = YES;
				CLANG_ENABLE_OBJC_ARC = YES;
				CLANG_ENABLE_OBJC_WEAK = YES;
				CLANG_WARN_BLOCK_CAPTURE_AUTORELEASING = YES;
				CLANG_WARN_BOOL_CONVERSION = YES;
				CLANG_WARN_COMMA = YES;
				CLANG_WARN_CONSTANT_CONVERSION = YES;
				CLANG_WARN_DEPRECATED_OBJC_IMPLEMENTATIONS = YES;
				CLANG_WARN_DIRECT_OBJC_ISA_USAGE = YES_ERROR;
				CLANG_WARN_DOCUMENTATION_COMMENTS = YES;
				CLANG_WARN_EMPTY_BODY = YES;
				CLANG_WARN_ENUM_CONVERSION = YES;
				CLANG_WARN_INFINITE_RECURSION = YES;
				CLANG_WARN_INT_CONVERSION = YES;
				CLANG_WARN_NON_LITERAL_NULL_CONVERSION = YES;
				CLANG_WARN_OBJC_IMPLICIT_RETAIN_SELF = YES;
				CLANG_WARN_OBJC_LITERAL_CONVERSION = YES;
				CLANG_WARN_OBJC_ROOT_CLASS = YES_ERROR;
				CLANG_WARN_QUOTED_INCLUDE_IN_FRAMEWORK_HEADER = YES;
				CLANG_WARN_RANGE_LOOP_ANALYSIS = YES;
				CLANG_WARN_STRICT_PROTOTYPES = YES;
				CLANG_WARN_SUSPICIOUS_MOVE = YES;
				CLANG_WARN_UNGUARDED_AVAILABILITY = YES_AGGRESSIVE;
				CLANG_WARN_UNREACHABLE_CODE = YES;
				CLANG_WARN__DUPLICATE_METHOD_MATCH = YES;
				COPY_PHASE_STRIP = NO;
				DEBUG_INFORMATION_FORMAT = "dwarf-with-dsym";
				ENABLE_NS_ASSERTIONS = NO;
				ENABLE_STRICT_OBJC_MSGSEND = YES;
				GCC_C_LANGUAGE_STANDARD = gnu11;
				GCC_NO_COMMON_BLOCKS = YES;
				GCC_WARN_64_TO_32_BIT_CONVERSION = YES;
				GCC_WARN_ABOUT_RETURN_TYPE = YES_ERROR;
				GCC_WARN_UNDECLARED_SELECTOR = YES;
				GCC_WARN_UNINITIALIZED_AUTOS = YES_AGGRESSIVE;
				GCC_WARN_UNUSED_FUNCTION = YES;
				GCC_WARN_UNUSED_VARIABLE = YES;
				IPHONEOS_DEPLOYMENT_TARGET = 15.2;
				MTL_ENABLE_DEBUG_INFO = NO;
				MTL_FAST_MATH = YES;
				SDKROOT = iphoneos;
				SWIFT_COMPILATION_MODE = wholemodule;
				SWIFT_OPTIMIZATION_LEVEL = "-O";
				VALIDATE_PRODUCT = YES;
			};
			name = Release;
		};
		13AA29B62C245EDF00C8CA8E /* Debug */ = {
			isa = XCBuildConfiguration;
			buildSettings = {
				ASSETCATALOG_COMPILER_APPICON_NAME = AppIcon;
				ASSETCATALOG_COMPILER_GLOBAL_ACCENT_COLOR_NAME = AccentColor;
				CODE_SIGN_STYLE = Automatic;
				CURRENT_PROJECT_VERSION = 1;
				DEVELOPMENT_TEAM = 399LMK6Q2Y;
				GENERATE_INFOPLIST_FILE = YES;
				INFOPLIST_FILE = AnimeLounge/Info.plist;
				INFOPLIST_KEY_UIApplicationSupportsIndirectInputEvents = YES;
				INFOPLIST_KEY_UILaunchStoryboardName = LaunchScreen;
				INFOPLIST_KEY_UIMainStoryboardFile = Main;
				INFOPLIST_KEY_UISupportedInterfaceOrientations = UIInterfaceOrientationPortrait;
				INFOPLIST_KEY_UISupportedInterfaceOrientations_iPad = "UIInterfaceOrientationPortrait UIInterfaceOrientationPortraitUpsideDown UIInterfaceOrientationLandscapeLeft UIInterfaceOrientationLandscapeRight";
				INFOPLIST_KEY_UISupportedInterfaceOrientations_iPhone = "UIInterfaceOrientationPortrait UIInterfaceOrientationLandscapeLeft UIInterfaceOrientationLandscapeRight";
				IPHONEOS_DEPLOYMENT_TARGET = 13.0;
				LD_RUNPATH_SEARCH_PATHS = (
					"$(inherited)",
					"@executable_path/Frameworks",
				);
				MARKETING_VERSION = 1.0;
				PRODUCT_BUNDLE_IDENTIFIER = me.sobet.AnimeLounge;
				PRODUCT_NAME = "$(TARGET_NAME)";
				SWIFT_EMIT_LOC_STRINGS = YES;
				SWIFT_VERSION = 5.0;
				TARGETED_DEVICE_FAMILY = 1;
			};
			name = Debug;
		};
		13AA29B72C245EDF00C8CA8E /* Release */ = {
			isa = XCBuildConfiguration;
			buildSettings = {
				ASSETCATALOG_COMPILER_APPICON_NAME = AppIcon;
				ASSETCATALOG_COMPILER_GLOBAL_ACCENT_COLOR_NAME = AccentColor;
				CODE_SIGN_STYLE = Automatic;
				CURRENT_PROJECT_VERSION = 1;
				DEVELOPMENT_TEAM = 399LMK6Q2Y;
				GENERATE_INFOPLIST_FILE = YES;
				INFOPLIST_FILE = AnimeLounge/Info.plist;
				INFOPLIST_KEY_UIApplicationSupportsIndirectInputEvents = YES;
				INFOPLIST_KEY_UILaunchStoryboardName = LaunchScreen;
				INFOPLIST_KEY_UIMainStoryboardFile = Main;
				INFOPLIST_KEY_UISupportedInterfaceOrientations = UIInterfaceOrientationPortrait;
				INFOPLIST_KEY_UISupportedInterfaceOrientations_iPad = "UIInterfaceOrientationPortrait UIInterfaceOrientationPortraitUpsideDown UIInterfaceOrientationLandscapeLeft UIInterfaceOrientationLandscapeRight";
				INFOPLIST_KEY_UISupportedInterfaceOrientations_iPhone = "UIInterfaceOrientationPortrait UIInterfaceOrientationLandscapeLeft UIInterfaceOrientationLandscapeRight";
				IPHONEOS_DEPLOYMENT_TARGET = 13.0;
				LD_RUNPATH_SEARCH_PATHS = (
					"$(inherited)",
					"@executable_path/Frameworks",
				);
				MARKETING_VERSION = 1.0;
				PRODUCT_BUNDLE_IDENTIFIER = me.sobet.AnimeLounge;
				PRODUCT_NAME = "$(TARGET_NAME)";
				SWIFT_EMIT_LOC_STRINGS = YES;
				SWIFT_VERSION = 5.0;
				TARGETED_DEVICE_FAMILY = 1;
			};
			name = Release;
		};
		13AA29B92C245EDF00C8CA8E /* Debug */ = {
			isa = XCBuildConfiguration;
			buildSettings = {
				ALWAYS_EMBED_SWIFT_STANDARD_LIBRARIES = YES;
				BUNDLE_LOADER = "$(TEST_HOST)";
				CODE_SIGN_STYLE = Automatic;
				CURRENT_PROJECT_VERSION = 1;
				DEVELOPMENT_TEAM = 399LMK6Q2Y;
				GENERATE_INFOPLIST_FILE = YES;
				IPHONEOS_DEPLOYMENT_TARGET = 15.2;
				MARKETING_VERSION = 1.0;
				PRODUCT_BUNDLE_IDENTIFIER = me.sobet.AnimeLoungeTests;
				PRODUCT_NAME = "$(TARGET_NAME)";
				SWIFT_EMIT_LOC_STRINGS = NO;
				SWIFT_VERSION = 5.0;
				TARGETED_DEVICE_FAMILY = "1,2";
				TEST_HOST = "$(BUILT_PRODUCTS_DIR)/AnimeLounge.app/AnimeLounge";
			};
			name = Debug;
		};
		13AA29BA2C245EDF00C8CA8E /* Release */ = {
			isa = XCBuildConfiguration;
			buildSettings = {
				ALWAYS_EMBED_SWIFT_STANDARD_LIBRARIES = YES;
				BUNDLE_LOADER = "$(TEST_HOST)";
				CODE_SIGN_STYLE = Automatic;
				CURRENT_PROJECT_VERSION = 1;
				DEVELOPMENT_TEAM = 399LMK6Q2Y;
				GENERATE_INFOPLIST_FILE = YES;
				IPHONEOS_DEPLOYMENT_TARGET = 15.2;
				MARKETING_VERSION = 1.0;
				PRODUCT_BUNDLE_IDENTIFIER = me.sobet.AnimeLoungeTests;
				PRODUCT_NAME = "$(TARGET_NAME)";
				SWIFT_EMIT_LOC_STRINGS = NO;
				SWIFT_VERSION = 5.0;
				TARGETED_DEVICE_FAMILY = "1,2";
				TEST_HOST = "$(BUILT_PRODUCTS_DIR)/AnimeLounge.app/AnimeLounge";
			};
			name = Release;
		};
		13AA29BC2C245EDF00C8CA8E /* Debug */ = {
			isa = XCBuildConfiguration;
			buildSettings = {
				ALWAYS_EMBED_SWIFT_STANDARD_LIBRARIES = YES;
				CODE_SIGN_STYLE = Automatic;
				CURRENT_PROJECT_VERSION = 1;
				DEVELOPMENT_TEAM = 399LMK6Q2Y;
				GENERATE_INFOPLIST_FILE = YES;
				MARKETING_VERSION = 1.0;
				PRODUCT_BUNDLE_IDENTIFIER = me.sobet.AnimeLoungeUITests;
				PRODUCT_NAME = "$(TARGET_NAME)";
				SWIFT_EMIT_LOC_STRINGS = NO;
				SWIFT_VERSION = 5.0;
				TARGETED_DEVICE_FAMILY = "1,2";
				TEST_TARGET_NAME = AnimeLounge;
			};
			name = Debug;
		};
		13AA29BD2C245EDF00C8CA8E /* Release */ = {
			isa = XCBuildConfiguration;
			buildSettings = {
				ALWAYS_EMBED_SWIFT_STANDARD_LIBRARIES = YES;
				CODE_SIGN_STYLE = Automatic;
				CURRENT_PROJECT_VERSION = 1;
				DEVELOPMENT_TEAM = 399LMK6Q2Y;
				GENERATE_INFOPLIST_FILE = YES;
				MARKETING_VERSION = 1.0;
				PRODUCT_BUNDLE_IDENTIFIER = me.sobet.AnimeLoungeUITests;
				PRODUCT_NAME = "$(TARGET_NAME)";
				SWIFT_EMIT_LOC_STRINGS = NO;
				SWIFT_VERSION = 5.0;
				TARGETED_DEVICE_FAMILY = "1,2";
				TEST_TARGET_NAME = AnimeLounge;
			};
			name = Release;
		};
/* End XCBuildConfiguration section */

/* Begin XCConfigurationList section */
		13AA29862C245EDD00C8CA8E /* Build configuration list for PBXProject "AnimeLounge" */ = {
			isa = XCConfigurationList;
			buildConfigurations = (
				13AA29B32C245EDF00C8CA8E /* Debug */,
				13AA29B42C245EDF00C8CA8E /* Release */,
			);
			defaultConfigurationIsVisible = 0;
			defaultConfigurationName = Release;
		};
		13AA29B52C245EDF00C8CA8E /* Build configuration list for PBXNativeTarget "AnimeLounge" */ = {
			isa = XCConfigurationList;
			buildConfigurations = (
				13AA29B62C245EDF00C8CA8E /* Debug */,
				13AA29B72C245EDF00C8CA8E /* Release */,
			);
			defaultConfigurationIsVisible = 0;
			defaultConfigurationName = Release;
		};
		13AA29B82C245EDF00C8CA8E /* Build configuration list for PBXNativeTarget "AnimeLoungeTests" */ = {
			isa = XCConfigurationList;
			buildConfigurations = (
				13AA29B92C245EDF00C8CA8E /* Debug */,
				13AA29BA2C245EDF00C8CA8E /* Release */,
			);
			defaultConfigurationIsVisible = 0;
			defaultConfigurationName = Release;
		};
		13AA29BB2C245EDF00C8CA8E /* Build configuration list for PBXNativeTarget "AnimeLoungeUITests" */ = {
			isa = XCConfigurationList;
			buildConfigurations = (
				13AA29BC2C245EDF00C8CA8E /* Debug */,
				13AA29BD2C245EDF00C8CA8E /* Release */,
			);
			defaultConfigurationIsVisible = 0;
			defaultConfigurationName = Release;
		};
/* End XCConfigurationList section */

/* Begin XCRemoteSwiftPackageReference section */
		137F49D72C24B60800B787CB /* XCRemoteSwiftPackageReference "SwiftSoup" */ = {
			isa = XCRemoteSwiftPackageReference;
			repositoryURL = "https://github.com/scinfu/SwiftSoup.git";
			requirement = {
				kind = exactVersion;
				version = 2.4.0;
			};
		};
		137F49E72C254BFE00B787CB /* XCRemoteSwiftPackageReference "Kingfisher" */ = {
			isa = XCRemoteSwiftPackageReference;
			repositoryURL = "https://github.com/onevcat/Kingfisher.git";
			requirement = {
				kind = exactVersion;
				version = 7.5.0;
			};
		};
		137F49EA2C254DCA00B787CB /* XCRemoteSwiftPackageReference "Alamofire" */ = {
			isa = XCRemoteSwiftPackageReference;
			repositoryURL = "https://github.com/Alamofire/Alamofire.git";
			requirement = {
				kind = exactVersion;
				version = 5.6.0;
			};
		};
/* End XCRemoteSwiftPackageReference section */

/* Begin XCSwiftPackageProductDependency section */
		137F49D82C24B60800B787CB /* SwiftSoup */ = {
			isa = XCSwiftPackageProductDependency;
			package = 137F49D72C24B60800B787CB /* XCRemoteSwiftPackageReference "SwiftSoup" */;
			productName = SwiftSoup;
		};
		137F49E82C254BFE00B787CB /* Kingfisher */ = {
			isa = XCSwiftPackageProductDependency;
			package = 137F49E72C254BFE00B787CB /* XCRemoteSwiftPackageReference "Kingfisher" */;
			productName = Kingfisher;
		};
		137F49EB2C254DCA00B787CB /* Alamofire */ = {
			isa = XCSwiftPackageProductDependency;
			package = 137F49EA2C254DCA00B787CB /* XCRemoteSwiftPackageReference "Alamofire" */;
			productName = Alamofire;
		};
/* End XCSwiftPackageProductDependency section */
	};
	rootObject = 13AA29832C245EDD00C8CA8E /* Project object */;
}
