{
  "object": {
    "pins": [
      {
        "package": "Alamofire",
        "repositoryURL": "https://github.com/Alamofire/Alamofire.git",
        "state": {
          "branch": null,
          "revision": "b2fa556e4e48cbf06cf8c63def138c98f4b811fa",
          "version": "5.8.0"
        }
      },
      {
        "package": "GoogleCastSDK-ios-no-bluetooth",
        "repositoryURL": "https://github.com/SRGSSR/GoogleCastSDK-ios-no-bluetooth.git",
        "state": {
          "branch": "master",
          "revision": "470ba19d955e7859b7a3873454cd30d1b8867e85",
          "version": null
        }
      },
      {
        "package": "Kingfisher",
        "repositoryURL": "https://github.com/onevcat/Kingfisher.git",
        "state": {
          "branch": null,
          "revision": "b6f62758f21a8c03cd64f4009c037cfa580a256e",
          "version": "7.9.1"
        }
      },
      {
        "package": "SwiftSoup",
        "repositoryURL": "https://github.com/scinfu/SwiftSoup.git",
        "state": {
          "branch": null,
          "revision": "5386dab25134eec11fc35fc5e43caf422fad0270",
          "version": "2.4.0"
        }
      }
    ]
  },
  "version": 1
}
