// !$*UTF8*$!
{
	archiveVersion = 1;
	classes = {
	};
	objectVersion = 55;
	objects = {

/* Begin PBXBuildFile section */
		131546D52C6DE6CC002DC3CC /* GoogleCastSDK-ios-no-bluetooth in Frameworks */ = {isa = PBXBuildFile; productRef = 131546D42C6DE6CC002DC3CC /* GoogleCastSDK-ios-no-bluetooth */; };
		131546D82C6DE6D9002DC3CC /* Kingfisher in Frameworks */ = {isa = PBXBuildFile; productRef = 131546D72C6DE6D9002DC3CC /* Kingfisher */; };
		131546DE2C6DE6F2002DC3CC /* Alamofire in Frameworks */ = {isa = PBXBuildFile; productRef = 131546DD2C6DE6F2002DC3CC /* Alamofire */; };
		131546E12C6DE71D002DC3CC /* SwiftSoup in Frameworks */ = {isa = PBXBuildFile; productRef = 131546E02C6DE71D002DC3CC /* SwiftSoup */; };
		1357B5032C6D0965000A2C9B /* Settings.storyboard in Resources */ = {isa = PBXBuildFile; fileRef = 1357B4F12C6D0965000A2C9B /* Settings.storyboard */; };
		1357B5042C6D0965000A2C9B /* FavoriteCell-Swift.swift in Sources */ = {isa = PBXBuildFile; fileRef = 1357B4F52C6D0965000A2C9B /* FavoriteCell-Swift.swift */; };
		1357B5052C6D0965000A2C9B /* FavoriteCell.xib in Resources */ = {isa = PBXBuildFile; fileRef = 1357B4F62C6D0965000A2C9B /* FavoriteCell.xib */; };
		1357B5062C6D0965000A2C9B /* SlimmAnimeCell-Swift.swift in Sources */ = {isa = PBXBuildFile; fileRef = 1357B4F82C6D0965000A2C9B /* SlimmAnimeCell-Swift.swift */; };
		1357B5072C6D0965000A2C9B /* SlimmAnimeCell.xib in Resources */ = {isa = PBXBuildFile; fileRef = 1357B4F92C6D0965000A2C9B /* SlimmAnimeCell.xib */; };
		1357B5082C6D0965000A2C9B /* AiringAnimeCell-Swift.swift in Sources */ = {isa = PBXBuildFile; fileRef = 1357B4FB2C6D0965000A2C9B /* AiringAnimeCell-Swift.swift */; };
		1357B5092C6D0965000A2C9B /* AiringAnimeCell.xib in Resources */ = {isa = PBXBuildFile; fileRef = 1357B4FC2C6D0965000A2C9B /* AiringAnimeCell.xib */; };
		1357B50A2C6D0965000A2C9B /* Main.storyboard in Resources */ = {isa = PBXBuildFile; fileRef = 1357B4FD2C6D0965000A2C9B /* Main.storyboard */; };
		1357B50B2C6D0965000A2C9B /* AnilistAnimeInformation.storyboard in Resources */ = {isa = PBXBuildFile; fileRef = 1357B4FF2C6D0965000A2C9B /* AnilistAnimeInformation.storyboard */; };
		1357B50C2C6D0965000A2C9B /* LaunchScreen.storyboard in Resources */ = {isa = PBXBuildFile; fileRef = 1357B5012C6D0965000A2C9B /* LaunchScreen.storyboard */; };
		1357B5172C6D0A4B000A2C9B /* Localizable.strings in Resources */ = {isa = PBXBuildFile; fileRef = 1357B5152C6D0A4B000A2C9B /* Localizable.strings */; };
		136525162C6B5B4100210A98 /* Jikan-Info.swift in Sources */ = {isa = PBXBuildFile; fileRef = 136524B52C6B5B4000210A98 /* Jikan-Info.swift */; };
		136525172C6B5B4100210A98 /* Jikan-Sesonal.swift in Sources */ = {isa = PBXBuildFile; fileRef = 136524B72C6B5B4000210A98 /* Jikan-Sesonal.swift */; };
		136525182C6B5B4100210A98 /* Jikan-Trending.swift in Sources */ = {isa = PBXBuildFile; fileRef = 136524B82C6B5B4000210A98 /* Jikan-Trending.swift */; };
		136525192C6B5B4100210A98 /* Jikan-Airing.swift in Sources */ = {isa = PBXBuildFile; fileRef = 136524B92C6B5B4000210A98 /* Jikan-Airing.swift */; };
		1365251A2C6B5B4100210A98 /* Mutation.swift in Sources */ = {isa = PBXBuildFile; fileRef = 136524BC2C6B5B4000210A98 /* Mutation.swift */; };
		1365251B2C6B5B4100210A98 /* AniList-Airing.swift in Sources */ = {isa = PBXBuildFile; fileRef = 136524BE2C6B5B4000210A98 /* AniList-Airing.swift */; };
		1365251C2C6B5B4100210A98 /* AniList-Info.swift in Sources */ = {isa = PBXBuildFile; fileRef = 136524BF2C6B5B4000210A98 /* AniList-Info.swift */; };
		1365251D2C6B5B4100210A98 /* AniList-Trending.swift in Sources */ = {isa = PBXBuildFile; fileRef = 136524C02C6B5B4000210A98 /* AniList-Trending.swift */; };
		1365251E2C6B5B4100210A98 /* AniList-Sesonal.swift in Sources */ = {isa = PBXBuildFile; fileRef = 136524C12C6B5B4000210A98 /* AniList-Sesonal.swift */; };
		1365251F2C6B5B4100210A98 /* Login.swift in Sources */ = {isa = PBXBuildFile; fileRef = 136524C32C6B5B4000210A98 /* Login.swift */; };
		136525202C6B5B4100210A98 /* Token.swift in Sources */ = {isa = PBXBuildFile; fileRef = 136524C42C6B5B4000210A98 /* Token.swift */; };
		136525212C6B5B4100210A98 /* Kitsu-Trending.swift in Sources */ = {isa = PBXBuildFile; fileRef = 136524C72C6B5B4000210A98 /* Kitsu-Trending.swift */; };
		136525222C6B5B4100210A98 /* Kitsu-Sesonal.swift in Sources */ = {isa = PBXBuildFile; fileRef = 136524C82C6B5B4000210A98 /* Kitsu-Sesonal.swift */; };
		136525232C6B5B4100210A98 /* Kitsu-Airing.swift in Sources */ = {isa = PBXBuildFile; fileRef = 136524C92C6B5B4000210A98 /* Kitsu-Airing.swift */; };
		136525242C6B5B4100210A98 /* Kitsu-Info.swift in Sources */ = {isa = PBXBuildFile; fileRef = 136524CA2C6B5B4000210A98 /* Kitsu-Info.swift */; };
		136525252C6B5B4100210A98 /* AnimeInformation.swift in Sources */ = {isa = PBXBuildFile; fileRef = 136524CB2C6B5B4000210A98 /* AnimeInformation.swift */; };
		136525262C6B5B4100210A98 /* AppDelegate.swift in Sources */ = {isa = PBXBuildFile; fileRef = 136524CC2C6B5B4000210A98 /* AppDelegate.swift */; };
		136525272C6B5B4100210A98 /* Sources.swift in Sources */ = {isa = PBXBuildFile; fileRef = 136524CE2C6B5B4000210A98 /* Sources.swift */; };
		136525282C6B5B4100210A98 /* SourceMenu.swift in Sources */ = {isa = PBXBuildFile; fileRef = 136524CF2C6B5B4000210A98 /* SourceMenu.swift */; };
		136525332C6B5B4100210A98 /* Assets.xcassets in Resources */ = {isa = PBXBuildFile; fileRef = 136524DF2C6B5B4000210A98 /* Assets.xcassets */; };
		136525342C6B5B4100210A98 /* PrivacyInfo.xcprivacy in Resources */ = {isa = PBXBuildFile; fileRef = 136524E02C6B5B4000210A98 /* PrivacyInfo.xcprivacy */; };
		136525352C6B5B4100210A98 /* SettingsViewAbout.swift in Sources */ = {isa = PBXBuildFile; fileRef = 136524E42C6B5B4000210A98 /* SettingsViewAbout.swift */; };
		136525362C6B5B4100210A98 /* SettingsAnimeListing.swift in Sources */ = {isa = PBXBuildFile; fileRef = 136524E52C6B5B4000210A98 /* SettingsAnimeListing.swift */; };
		136525372C6B5B4100210A98 /* SettingsViewSources.swift in Sources */ = {isa = PBXBuildFile; fileRef = 136524E62C6B5B4000210A98 /* SettingsViewSources.swift */; };
		136525382C6B5B4100210A98 /* SettingsViewCast.swift in Sources */ = {isa = PBXBuildFile; fileRef = 136524E72C6B5B4000210A98 /* SettingsViewCast.swift */; };
		136525392C6B5B4100210A98 /* SettingsViewDoneButton.swift in Sources */ = {isa = PBXBuildFile; fileRef = 136524E82C6B5B4000210A98 /* SettingsViewDoneButton.swift */; };
		1365253A2C6B5B4100210A98 /* SettingsViewController.swift in Sources */ = {isa = PBXBuildFile; fileRef = 136524E92C6B5B4000210A98 /* SettingsViewController.swift */; };
		1365253B2C6B5B4100210A98 /* HomeViewController.swift in Sources */ = {isa = PBXBuildFile; fileRef = 136524EB2C6B5B4000210A98 /* HomeViewController.swift */; };
		1365253C2C6B5B4100210A98 /* FeaturedAnimeParsing.swift in Sources */ = {isa = PBXBuildFile; fileRef = 136524EC2C6B5B4000210A98 /* FeaturedAnimeParsing.swift */; };
		1365253D2C6B5B4100210A98 /* AnimeDetailService.swift in Sources */ = {isa = PBXBuildFile; fileRef = 136524EE2C6B5B4000210A98 /* AnimeDetailService.swift */; };
		1365253E2C6B5B4100210A98 /* AnimeDetailsViewController.swift in Sources */ = {isa = PBXBuildFile; fileRef = 136524EF2C6B5B4000210A98 /* AnimeDetailsViewController.swift */; };
		1365253F2C6B5B4100210A98 /* AnimeHeaderCell.swift in Sources */ = {isa = PBXBuildFile; fileRef = 136524F12C6B5B4000210A98 /* AnimeHeaderCell.swift */; };
		136525402C6B5B4100210A98 /* EpisodeCell.swift in Sources */ = {isa = PBXBuildFile; fileRef = 136524F22C6B5B4000210A98 /* EpisodeCell.swift */; };
		136525412C6B5B4100210A98 /* SynopsisCell.swift in Sources */ = {isa = PBXBuildFile; fileRef = 136524F32C6B5B4000210A98 /* SynopsisCell.swift */; };
		136525422C6B5B4100210A98 /* FavoritesViewController.swift in Sources */ = {isa = PBXBuildFile; fileRef = 136524F52C6B5B4000210A98 /* FavoritesViewController.swift */; };
		136525432C6B5B4100210A98 /* SearchViewController.swift in Sources */ = {isa = PBXBuildFile; fileRef = 136524F72C6B5B4000210A98 /* SearchViewController.swift */; };
		136525442C6B5B4100210A98 /* SearchResultsViewController.swift in Sources */ = {isa = PBXBuildFile; fileRef = 136524F82C6B5B4000210A98 /* SearchResultsViewController.swift */; };
		136525452C6B5B4100210A98 /* SearchResultSourcesParsing.swift in Sources */ = {isa = PBXBuildFile; fileRef = 136524F92C6B5B4000210A98 /* SearchResultSourcesParsing.swift */; };
		136525462C6B5B4100210A98 /* ActiveDownloadsViewController.swift in Sources */ = {isa = PBXBuildFile; fileRef = 136524FC2C6B5B4000210A98 /* ActiveDownloadsViewController.swift */; };
		136525472C6B5B4100210A98 /* ProgressDownloadCell.swift in Sources */ = {isa = PBXBuildFile; fileRef = 136524FD2C6B5B4000210A98 /* ProgressDownloadCell.swift */; };
		136525482C6B5B4100210A98 /* DownloadsViewController.swift in Sources */ = {isa = PBXBuildFile; fileRef = 136524FE2C6B5B4000210A98 /* DownloadsViewController.swift */; };
		136525492C6B5B4100210A98 /* DownloadCell.swift in Sources */ = {isa = PBXBuildFile; fileRef = 136524FF2C6B5B4000210A98 /* DownloadCell.swift */; };
		1365254A2C6B5B4100210A98 /* FavoriteManager.swift in Sources */ = {isa = PBXBuildFile; fileRef = 136525022C6B5B4000210A98 /* FavoriteManager.swift */; };
		1365254B2C6B5B4100210A98 /* BackupManager.swift in Sources */ = {isa = PBXBuildFile; fileRef = 136525032C6B5B4000210A98 /* BackupManager.swift */; };
		1365254C2C6B5B4100210A98 /* DownloadManager.swift in Sources */ = {isa = PBXBuildFile; fileRef = 136525042C6B5B4000210A98 /* DownloadManager.swift */; };
		1365254D2C6B5B4100210A98 /* ContinueWatchingManager.swift in Sources */ = {isa = PBXBuildFile; fileRef = 136525052C6B5B4000210A98 /* ContinueWatchingManager.swift */; };
		1365254E2C6B5B4100210A98 /* MP4Downloader.swift in Sources */ = {isa = PBXBuildFile; fileRef = 136525072C6B5B4000210A98 /* MP4Downloader.swift */; };
		1365254F2C6B5B4100210A98 /* M3U8Downloader.swift in Sources */ = {isa = PBXBuildFile; fileRef = 136525082C6B5B4000210A98 /* M3U8Downloader.swift */; };
		136525502C6B5B4100210A98 /* UIImage.swift in Sources */ = {isa = PBXBuildFile; fileRef = 1365250A2C6B5B4000210A98 /* UIImage.swift */; };
		136525512C6B5B4100210A98 /* VideoPlayerType.swift in Sources */ = {isa = PBXBuildFile; fileRef = 1365250C2C6B5B4000210A98 /* VideoPlayerType.swift */; };
		136525522C6B5B4100210A98 /* LandScapePlayer.swift in Sources */ = {isa = PBXBuildFile; fileRef = 1365250D2C6B5B4000210A98 /* LandScapePlayer.swift */; };
		136525532C6B5B4100210A98 /* ExternalVideoPlayerJK.swift in Sources */ = {isa = PBXBuildFile; fileRef = 1365250F2C6B5B4000210A98 /* ExternalVideoPlayerJK.swift */; };
		136525542C6B5B4100210A98 /* ExternalVideoPlayerKura.swift in Sources */ = {isa = PBXBuildFile; fileRef = 136525102C6B5B4000210A98 /* ExternalVideoPlayerKura.swift */; };
		136525552C6B5B4100210A98 /* ExternalVideoPlayer.swift in Sources */ = {isa = PBXBuildFile; fileRef = 136525112C6B5B4000210A98 /* ExternalVideoPlayer.swift */; };
		136525572C6B5B4100210A98 /* ExternalVideoPlayer3rb.swift in Sources */ = {isa = PBXBuildFile; fileRef = 136525132C6B5B4000210A98 /* ExternalVideoPlayer3rb.swift */; };
		136525592C6B5B4100210A98 /* SceneDelegate.swift in Sources */ = {isa = PBXBuildFile; fileRef = 136525152C6B5B4100210A98 /* SceneDelegate.swift */; };
		13921B3F2C6B8ED9004E8BDC /* String.swift in Sources */ = {isa = PBXBuildFile; fileRef = 13921B3E2C6B8ED9004E8BDC /* String.swift */; };
		13921B412C6B8F71004E8BDC /* URL.swift in Sources */ = {isa = PBXBuildFile; fileRef = 13921B402C6B8F71004E8BDC /* URL.swift */; };
		13921B432C6B8F87004E8BDC /* Notification.swift in Sources */ = {isa = PBXBuildFile; fileRef = 13921B422C6B8F87004E8BDC /* Notification.swift */; };
		13921B452C6B8FC1004E8BDC /* UserDefaults.swift in Sources */ = {isa = PBXBuildFile; fileRef = 13921B442C6B8FC1004E8BDC /* UserDefaults.swift */; };
/* End PBXBuildFile section */

/* Begin PBXFileReference section */
		1357B4F22C6D0965000A2C9B /* Base */ = {isa = PBXFileReference; lastKnownFileType = file.storyboard; name = Base; path = Ryu/Base.lproj/Settings.storyboard; sourceTree = SOURCE_ROOT; };
		1357B4F52C6D0965000A2C9B /* FavoriteCell-Swift.swift */ = {isa = PBXFileReference; fileEncoding = 4; lastKnownFileType = sourcecode.swift; path = "FavoriteCell-Swift.swift"; sourceTree = "<group>"; };
		1357B4F62C6D0965000A2C9B /* FavoriteCell.xib */ = {isa = PBXFileReference; fileEncoding = 4; lastKnownFileType = file.xib; path = FavoriteCell.xib; sourceTree = "<group>"; };
		1357B4F82C6D0965000A2C9B /* SlimmAnimeCell-Swift.swift */ = {isa = PBXFileReference; fileEncoding = 4; lastKnownFileType = sourcecode.swift; path = "SlimmAnimeCell-Swift.swift"; sourceTree = "<group>"; };
		1357B4F92C6D0965000A2C9B /* SlimmAnimeCell.xib */ = {isa = PBXFileReference; fileEncoding = 4; lastKnownFileType = file.xib; path = SlimmAnimeCell.xib; sourceTree = "<group>"; };
		1357B4FB2C6D0965000A2C9B /* AiringAnimeCell-Swift.swift */ = {isa = PBXFileReference; fileEncoding = 4; lastKnownFileType = sourcecode.swift; path = "AiringAnimeCell-Swift.swift"; sourceTree = "<group>"; };
		1357B4FC2C6D0965000A2C9B /* AiringAnimeCell.xib */ = {isa = PBXFileReference; fileEncoding = 4; lastKnownFileType = file.xib; path = AiringAnimeCell.xib; sourceTree = "<group>"; };
		1357B4FE2C6D0965000A2C9B /* Base */ = {isa = PBXFileReference; lastKnownFileType = file.storyboard; name = Base; path = Ryu/Base.lproj/Main.storyboard; sourceTree = SOURCE_ROOT; };
		1357B5002C6D0965000A2C9B /* Base */ = {isa = PBXFileReference; lastKnownFileType = file.storyboard; name = Base; path = Ryu/Base.lproj/AnilistAnimeInformation.storyboard; sourceTree = SOURCE_ROOT; };
		1357B5022C6D0965000A2C9B /* Base */ = {isa = PBXFileReference; lastKnownFileType = file.storyboard; name = Base; path = Ryu/Base.lproj/LaunchScreen.storyboard; sourceTree = SOURCE_ROOT; };
		1357B50D2C6D0993000A2C9B /* ar */ = {isa = PBXFileReference; lastKnownFileType = text.plist.strings; name = ar; path = ../ar.lproj/AnilistAnimeInformation.strings; sourceTree = "<group>"; };
		1357B50E2C6D0994000A2C9B /* ar */ = {isa = PBXFileReference; lastKnownFileType = text.plist.strings; name = ar; path = ../ar.lproj/LaunchScreen.strings; sourceTree = "<group>"; };
		1357B50F2C6D0994000A2C9B /* ar */ = {isa = PBXFileReference; lastKnownFileType = text.plist.strings; name = ar; path = ../ar.lproj/Main.strings; sourceTree = "<group>"; };
		1357B5102C6D0995000A2C9B /* ar */ = {isa = PBXFileReference; lastKnownFileType = text.plist.strings; name = ar; path = ../ar.lproj/Settings.strings; sourceTree = "<group>"; };
		1357B5112C6D0A3C000A2C9B /* it */ = {isa = PBXFileReference; lastKnownFileType = text.plist.strings; name = it; path = ../it.lproj/AnilistAnimeInformation.strings; sourceTree = "<group>"; };
		1357B5122C6D0A3D000A2C9B /* it */ = {isa = PBXFileReference; lastKnownFileType = text.plist.strings; name = it; path = ../it.lproj/LaunchScreen.strings; sourceTree = "<group>"; };
		1357B5132C6D0A3D000A2C9B /* it */ = {isa = PBXFileReference; lastKnownFileType = text.plist.strings; name = it; path = ../it.lproj/Main.strings; sourceTree = "<group>"; };
		1357B5142C6D0A3D000A2C9B /* it */ = {isa = PBXFileReference; lastKnownFileType = text.plist.strings; name = it; path = ../it.lproj/Settings.strings; sourceTree = "<group>"; };
		1357B5162C6D0A4B000A2C9B /* it */ = {isa = PBXFileReference; lastKnownFileType = text.plist.strings; name = it; path = it.lproj/Localizable.strings; sourceTree = "<group>"; };
		1357B5182C6D0A8E000A2C9B /* es */ = {isa = PBXFileReference; lastKnownFileType = text.plist.strings; name = es; path = ../es.lproj/AnilistAnimeInformation.strings; sourceTree = "<group>"; };
		1357B5192C6D0A8F000A2C9B /* es */ = {isa = PBXFileReference; lastKnownFileType = text.plist.strings; name = es; path = ../es.lproj/LaunchScreen.strings; sourceTree = "<group>"; };
		1357B51A2C6D0A90000A2C9B /* es */ = {isa = PBXFileReference; lastKnownFileType = text.plist.strings; name = es; path = ../es.lproj/Main.strings; sourceTree = "<group>"; };
		1357B51B2C6D0A90000A2C9B /* es */ = {isa = PBXFileReference; lastKnownFileType = text.plist.strings; name = es; path = ../es.lproj/Settings.strings; sourceTree = "<group>"; };
		1365249C2C6B5B2F00210A98 /* Ryu.app */ = {isa = PBXFileReference; explicitFileType = wrapper.application; includeInIndex = 0; path = Ryu.app; sourceTree = BUILT_PRODUCTS_DIR; };
		136524B52C6B5B4000210A98 /* Jikan-Info.swift */ = {isa = PBXFileReference; fileEncoding = 4; lastKnownFileType = sourcecode.swift; path = "Jikan-Info.swift"; sourceTree = "<group>"; };
		136524B72C6B5B4000210A98 /* Jikan-Sesonal.swift */ = {isa = PBXFileReference; fileEncoding = 4; lastKnownFileType = sourcecode.swift; path = "Jikan-Sesonal.swift"; sourceTree = "<group>"; };
		136524B82C6B5B4000210A98 /* Jikan-Trending.swift */ = {isa = PBXFileReference; fileEncoding = 4; lastKnownFileType = sourcecode.swift; path = "Jikan-Trending.swift"; sourceTree = "<group>"; };
		136524B92C6B5B4000210A98 /* Jikan-Airing.swift */ = {isa = PBXFileReference; fileEncoding = 4; lastKnownFileType = sourcecode.swift; path = "Jikan-Airing.swift"; sourceTree = "<group>"; };
		136524BC2C6B5B4000210A98 /* Mutation.swift */ = {isa = PBXFileReference; fileEncoding = 4; lastKnownFileType = sourcecode.swift; path = Mutation.swift; sourceTree = "<group>"; };
		136524BE2C6B5B4000210A98 /* AniList-Airing.swift */ = {isa = PBXFileReference; fileEncoding = 4; lastKnownFileType = sourcecode.swift; path = "AniList-Airing.swift"; sourceTree = "<group>"; };
		136524BF2C6B5B4000210A98 /* AniList-Info.swift */ = {isa = PBXFileReference; fileEncoding = 4; lastKnownFileType = sourcecode.swift; path = "AniList-Info.swift"; sourceTree = "<group>"; };
		136524C02C6B5B4000210A98 /* AniList-Trending.swift */ = {isa = PBXFileReference; fileEncoding = 4; lastKnownFileType = sourcecode.swift; path = "AniList-Trending.swift"; sourceTree = "<group>"; };
		136524C12C6B5B4000210A98 /* AniList-Sesonal.swift */ = {isa = PBXFileReference; fileEncoding = 4; lastKnownFileType = sourcecode.swift; path = "AniList-Sesonal.swift"; sourceTree = "<group>"; };
		136524C32C6B5B4000210A98 /* Login.swift */ = {isa = PBXFileReference; fileEncoding = 4; lastKnownFileType = sourcecode.swift; path = Login.swift; sourceTree = "<group>"; };
		136524C42C6B5B4000210A98 /* Token.swift */ = {isa = PBXFileReference; fileEncoding = 4; lastKnownFileType = sourcecode.swift; path = Token.swift; sourceTree = "<group>"; };
		136524C72C6B5B4000210A98 /* Kitsu-Trending.swift */ = {isa = PBXFileReference; fileEncoding = 4; lastKnownFileType = sourcecode.swift; path = "Kitsu-Trending.swift"; sourceTree = "<group>"; };
		136524C82C6B5B4000210A98 /* Kitsu-Sesonal.swift */ = {isa = PBXFileReference; fileEncoding = 4; lastKnownFileType = sourcecode.swift; path = "Kitsu-Sesonal.swift"; sourceTree = "<group>"; };
		136524C92C6B5B4000210A98 /* Kitsu-Airing.swift */ = {isa = PBXFileReference; fileEncoding = 4; lastKnownFileType = sourcecode.swift; path = "Kitsu-Airing.swift"; sourceTree = "<group>"; };
		136524CA2C6B5B4000210A98 /* Kitsu-Info.swift */ = {isa = PBXFileReference; fileEncoding = 4; lastKnownFileType = sourcecode.swift; path = "Kitsu-Info.swift"; sourceTree = "<group>"; };
		136524CB2C6B5B4000210A98 /* AnimeInformation.swift */ = {isa = PBXFileReference; fileEncoding = 4; lastKnownFileType = sourcecode.swift; path = AnimeInformation.swift; sourceTree = "<group>"; };
		136524CC2C6B5B4000210A98 /* AppDelegate.swift */ = {isa = PBXFileReference; fileEncoding = 4; lastKnownFileType = sourcecode.swift; path = AppDelegate.swift; sourceTree = "<group>"; };
		136524CE2C6B5B4000210A98 /* Sources.swift */ = {isa = PBXFileReference; fileEncoding = 4; lastKnownFileType = sourcecode.swift; path = Sources.swift; sourceTree = "<group>"; };
		136524CF2C6B5B4000210A98 /* SourceMenu.swift */ = {isa = PBXFileReference; fileEncoding = 4; lastKnownFileType = sourcecode.swift; path = SourceMenu.swift; sourceTree = "<group>"; };
		136524DF2C6B5B4000210A98 /* Assets.xcassets */ = {isa = PBXFileReference; lastKnownFileType = folder.assetcatalog; path = Assets.xcassets; sourceTree = "<group>"; };
		136524E02C6B5B4000210A98 /* PrivacyInfo.xcprivacy */ = {isa = PBXFileReference; fileEncoding = 4; lastKnownFileType = text.xml; path = PrivacyInfo.xcprivacy; sourceTree = "<group>"; };
		136524E42C6B5B4000210A98 /* SettingsViewAbout.swift */ = {isa = PBXFileReference; fileEncoding = 4; lastKnownFileType = sourcecode.swift; path = SettingsViewAbout.swift; sourceTree = "<group>"; };
		136524E52C6B5B4000210A98 /* SettingsAnimeListing.swift */ = {isa = PBXFileReference; fileEncoding = 4; lastKnownFileType = sourcecode.swift; path = SettingsAnimeListing.swift; sourceTree = "<group>"; };
		136524E62C6B5B4000210A98 /* SettingsViewSources.swift */ = {isa = PBXFileReference; fileEncoding = 4; lastKnownFileType = sourcecode.swift; path = SettingsViewSources.swift; sourceTree = "<group>"; };
		136524E72C6B5B4000210A98 /* SettingsViewCast.swift */ = {isa = PBXFileReference; fileEncoding = 4; lastKnownFileType = sourcecode.swift; path = SettingsViewCast.swift; sourceTree = "<group>"; };
		136524E82C6B5B4000210A98 /* SettingsViewDoneButton.swift */ = {isa = PBXFileReference; fileEncoding = 4; lastKnownFileType = sourcecode.swift; path = SettingsViewDoneButton.swift; sourceTree = "<group>"; };
		136524E92C6B5B4000210A98 /* SettingsViewController.swift */ = {isa = PBXFileReference; fileEncoding = 4; lastKnownFileType = sourcecode.swift; path = SettingsViewController.swift; sourceTree = "<group>"; };
		136524EB2C6B5B4000210A98 /* HomeViewController.swift */ = {isa = PBXFileReference; fileEncoding = 4; lastKnownFileType = sourcecode.swift; path = HomeViewController.swift; sourceTree = "<group>"; };
		136524EC2C6B5B4000210A98 /* FeaturedAnimeParsing.swift */ = {isa = PBXFileReference; fileEncoding = 4; lastKnownFileType = sourcecode.swift; path = FeaturedAnimeParsing.swift; sourceTree = "<group>"; };
		136524EE2C6B5B4000210A98 /* AnimeDetailService.swift */ = {isa = PBXFileReference; fileEncoding = 4; lastKnownFileType = sourcecode.swift; path = AnimeDetailService.swift; sourceTree = "<group>"; };
		136524EF2C6B5B4000210A98 /* AnimeDetailsViewController.swift */ = {isa = PBXFileReference; fileEncoding = 4; lastKnownFileType = sourcecode.swift; path = AnimeDetailsViewController.swift; sourceTree = "<group>"; };
		136524F12C6B5B4000210A98 /* AnimeHeaderCell.swift */ = {isa = PBXFileReference; fileEncoding = 4; lastKnownFileType = sourcecode.swift; path = AnimeHeaderCell.swift; sourceTree = "<group>"; };
		136524F22C6B5B4000210A98 /* EpisodeCell.swift */ = {isa = PBXFileReference; fileEncoding = 4; lastKnownFileType = sourcecode.swift; path = EpisodeCell.swift; sourceTree = "<group>"; };
		136524F32C6B5B4000210A98 /* SynopsisCell.swift */ = {isa = PBXFileReference; fileEncoding = 4; lastKnownFileType = sourcecode.swift; path = SynopsisCell.swift; sourceTree = "<group>"; };
		136524F52C6B5B4000210A98 /* FavoritesViewController.swift */ = {isa = PBXFileReference; fileEncoding = 4; lastKnownFileType = sourcecode.swift; path = FavoritesViewController.swift; sourceTree = "<group>"; };
		136524F72C6B5B4000210A98 /* SearchViewController.swift */ = {isa = PBXFileReference; fileEncoding = 4; lastKnownFileType = sourcecode.swift; path = SearchViewController.swift; sourceTree = "<group>"; };
		136524F82C6B5B4000210A98 /* SearchResultsViewController.swift */ = {isa = PBXFileReference; fileEncoding = 4; lastKnownFileType = sourcecode.swift; path = SearchResultsViewController.swift; sourceTree = "<group>"; };
		136524F92C6B5B4000210A98 /* SearchResultSourcesParsing.swift */ = {isa = PBXFileReference; fileEncoding = 4; lastKnownFileType = sourcecode.swift; path = SearchResultSourcesParsing.swift; sourceTree = "<group>"; };
		136524FC2C6B5B4000210A98 /* ActiveDownloadsViewController.swift */ = {isa = PBXFileReference; fileEncoding = 4; lastKnownFileType = sourcecode.swift; path = ActiveDownloadsViewController.swift; sourceTree = "<group>"; };
		136524FD2C6B5B4000210A98 /* ProgressDownloadCell.swift */ = {isa = PBXFileReference; fileEncoding = 4; lastKnownFileType = sourcecode.swift; path = ProgressDownloadCell.swift; sourceTree = "<group>"; };
		136524FE2C6B5B4000210A98 /* DownloadsViewController.swift */ = {isa = PBXFileReference; fileEncoding = 4; lastKnownFileType = sourcecode.swift; path = DownloadsViewController.swift; sourceTree = "<group>"; };
		136524FF2C6B5B4000210A98 /* DownloadCell.swift */ = {isa = PBXFileReference; fileEncoding = 4; lastKnownFileType = sourcecode.swift; path = DownloadCell.swift; sourceTree = "<group>"; };
		136525022C6B5B4000210A98 /* FavoriteManager.swift */ = {isa = PBXFileReference; fileEncoding = 4; lastKnownFileType = sourcecode.swift; path = FavoriteManager.swift; sourceTree = "<group>"; };
		136525032C6B5B4000210A98 /* BackupManager.swift */ = {isa = PBXFileReference; fileEncoding = 4; lastKnownFileType = sourcecode.swift; path = BackupManager.swift; sourceTree = "<group>"; };
		136525042C6B5B4000210A98 /* DownloadManager.swift */ = {isa = PBXFileReference; fileEncoding = 4; lastKnownFileType = sourcecode.swift; path = DownloadManager.swift; sourceTree = "<group>"; };
		136525052C6B5B4000210A98 /* ContinueWatchingManager.swift */ = {isa = PBXFileReference; fileEncoding = 4; lastKnownFileType = sourcecode.swift; path = ContinueWatchingManager.swift; sourceTree = "<group>"; };
		136525072C6B5B4000210A98 /* MP4Downloader.swift */ = {isa = PBXFileReference; fileEncoding = 4; lastKnownFileType = sourcecode.swift; path = MP4Downloader.swift; sourceTree = "<group>"; };
		136525082C6B5B4000210A98 /* M3U8Downloader.swift */ = {isa = PBXFileReference; fileEncoding = 4; lastKnownFileType = sourcecode.swift; path = M3U8Downloader.swift; sourceTree = "<group>"; };
		1365250A2C6B5B4000210A98 /* UIImage.swift */ = {isa = PBXFileReference; fileEncoding = 4; lastKnownFileType = sourcecode.swift; path = UIImage.swift; sourceTree = "<group>"; };
		1365250C2C6B5B4000210A98 /* VideoPlayerType.swift */ = {isa = PBXFileReference; fileEncoding = 4; lastKnownFileType = sourcecode.swift; path = VideoPlayerType.swift; sourceTree = "<group>"; };
		1365250D2C6B5B4000210A98 /* LandScapePlayer.swift */ = {isa = PBXFileReference; fileEncoding = 4; lastKnownFileType = sourcecode.swift; path = LandScapePlayer.swift; sourceTree = "<group>"; };
		1365250F2C6B5B4000210A98 /* ExternalVideoPlayerJK.swift */ = {isa = PBXFileReference; fileEncoding = 4; lastKnownFileType = sourcecode.swift; path = ExternalVideoPlayerJK.swift; sourceTree = "<group>"; };
		136525102C6B5B4000210A98 /* ExternalVideoPlayerKura.swift */ = {isa = PBXFileReference; fileEncoding = 4; lastKnownFileType = sourcecode.swift; path = ExternalVideoPlayerKura.swift; sourceTree = "<group>"; };
		136525112C6B5B4000210A98 /* ExternalVideoPlayer.swift */ = {isa = PBXFileReference; fileEncoding = 4; lastKnownFileType = sourcecode.swift; path = ExternalVideoPlayer.swift; sourceTree = "<group>"; };
		136525132C6B5B4000210A98 /* ExternalVideoPlayer3rb.swift */ = {isa = PBXFileReference; fileEncoding = 4; lastKnownFileType = sourcecode.swift; path = ExternalVideoPlayer3rb.swift; sourceTree = "<group>"; };
		136525142C6B5B4000210A98 /* Info.plist */ = {isa = PBXFileReference; fileEncoding = 4; lastKnownFileType = text.plist.xml; path = Info.plist; sourceTree = "<group>"; };
		136525152C6B5B4100210A98 /* SceneDelegate.swift */ = {isa = PBXFileReference; fileEncoding = 4; lastKnownFileType = sourcecode.swift; path = SceneDelegate.swift; sourceTree = "<group>"; };
		13921B3E2C6B8ED9004E8BDC /* String.swift */ = {isa = PBXFileReference; lastKnownFileType = sourcecode.swift; path = String.swift; sourceTree = "<group>"; };
		13921B402C6B8F71004E8BDC /* URL.swift */ = {isa = PBXFileReference; lastKnownFileType = sourcecode.swift; path = URL.swift; sourceTree = "<group>"; };
		13921B422C6B8F87004E8BDC /* Notification.swift */ = {isa = PBXFileReference; lastKnownFileType = sourcecode.swift; path = Notification.swift; sourceTree = "<group>"; };
		13921B442C6B8FC1004E8BDC /* UserDefaults.swift */ = {isa = PBXFileReference; lastKnownFileType = sourcecode.swift; path = UserDefaults.swift; sourceTree = "<group>"; };
/* End PBXFileReference section */

/* Begin PBXFrameworksBuildPhase section */
		136524992C6B5B2F00210A98 /* Frameworks */ = {
			isa = PBXFrameworksBuildPhase;
			buildActionMask = 2147483647;
			files = (
				131546D82C6DE6D9002DC3CC /* Kingfisher in Frameworks */,
				131546E12C6DE71D002DC3CC /* SwiftSoup in Frameworks */,
				131546DE2C6DE6F2002DC3CC /* Alamofire in Frameworks */,
				131546D52C6DE6CC002DC3CC /* GoogleCastSDK-ios-no-bluetooth in Frameworks */,
			);
			runOnlyForDeploymentPostprocessing = 0;
		};
/* End PBXFrameworksBuildPhase section */

/* Begin PBXGroup section */
		1357B4A52C6CE8F8000A2C9B /* Localization */ = {
			isa = PBXGroup;
			children = (
				1357B5152C6D0A4B000A2C9B /* Localizable.strings */,
			);
			path = Localization;
			sourceTree = "<group>";
		};
		1357B4F02C6D0954000A2C9B /* StoryBoard */ = {
			isa = PBXGroup;
			children = (
				1357B4F32C6D0965000A2C9B /* CustomCells */,
				1357B4FF2C6D0965000A2C9B /* AnilistAnimeInformation.storyboard */,
				1357B5012C6D0965000A2C9B /* LaunchScreen.storyboard */,
				1357B4FD2C6D0965000A2C9B /* Main.storyboard */,
				1357B4F12C6D0965000A2C9B /* Settings.storyboard */,
			);
			path = StoryBoard;
			sourceTree = "<group>";
		};
		1357B4F32C6D0965000A2C9B /* CustomCells */ = {
			isa = PBXGroup;
			children = (
				1357B4F42C6D0965000A2C9B /* Favorite Cell */,
				1357B4F72C6D0965000A2C9B /* SlimmAnimeCell */,
				1357B4FA2C6D0965000A2C9B /* AiringAnimeCell */,
			);
			name = CustomCells;
			path = Ryu/Base.lproj/CustomCells;
			sourceTree = SOURCE_ROOT;
		};
		1357B4F42C6D0965000A2C9B /* Favorite Cell */ = {
			isa = PBXGroup;
			children = (
				1357B4F52C6D0965000A2C9B /* FavoriteCell-Swift.swift */,
				1357B4F62C6D0965000A2C9B /* FavoriteCell.xib */,
			);
			path = "Favorite Cell";
			sourceTree = "<group>";
		};
		1357B4F72C6D0965000A2C9B /* SlimmAnimeCell */ = {
			isa = PBXGroup;
			children = (
				1357B4F82C6D0965000A2C9B /* SlimmAnimeCell-Swift.swift */,
				1357B4F92C6D0965000A2C9B /* SlimmAnimeCell.xib */,
			);
			path = SlimmAnimeCell;
			sourceTree = "<group>";
		};
		1357B4FA2C6D0965000A2C9B /* AiringAnimeCell */ = {
			isa = PBXGroup;
			children = (
				1357B4FB2C6D0965000A2C9B /* AiringAnimeCell-Swift.swift */,
				1357B4FC2C6D0965000A2C9B /* AiringAnimeCell.xib */,
			);
			path = AiringAnimeCell;
			sourceTree = "<group>";
		};
		136524932C6B5B2F00210A98 = {
			isa = PBXGroup;
			children = (
				1365249E2C6B5B2F00210A98 /* Ryu */,
				1365249D2C6B5B2F00210A98 /* Products */,
			);
			sourceTree = "<group>";
		};
		1365249D2C6B5B2F00210A98 /* Products */ = {
			isa = PBXGroup;
			children = (
				1365249C2C6B5B2F00210A98 /* Ryu.app */,
			);
			name = Products;
			sourceTree = "<group>";
		};
		1365249E2C6B5B2F00210A98 /* Ryu */ = {
			isa = PBXGroup;
			children = (
				1357B4F02C6D0954000A2C9B /* StoryBoard */,
				1357B4A52C6CE8F8000A2C9B /* Localization */,
				136524B32C6B5B4000210A98 /* AnimeListing Service */,
				136524CD2C6B5B4000210A98 /* Sources */,
				136525002C6B5B4000210A98 /* Utils */,
				136524E12C6B5B4000210A98 /* Swift - Views */,
				136525152C6B5B4100210A98 /* SceneDelegate.swift */,
				136524CC2C6B5B4000210A98 /* AppDelegate.swift */,
				136524DF2C6B5B4000210A98 /* Assets.xcassets */,
				136525142C6B5B4000210A98 /* Info.plist */,
				136524E02C6B5B4000210A98 /* PrivacyInfo.xcprivacy */,
			);
			path = Ryu;
			sourceTree = "<group>";
		};
		136524B32C6B5B4000210A98 /* AnimeListing Service */ = {
			isa = PBXGroup;
			children = (
				136524CB2C6B5B4000210A98 /* AnimeInformation.swift */,
				136524BA2C6B5B4000210A98 /* Anilist-Services */,
				136524B42C6B5B4000210A98 /* MAL-Service */,
				136524C52C6B5B4000210A98 /* Kitsu-Service */,
			);
			path = "AnimeListing Service";
			sourceTree = "<group>";
		};
		136524B42C6B5B4000210A98 /* MAL-Service */ = {
			isa = PBXGroup;
			children = (
				136524B52C6B5B4000210A98 /* Jikan-Info.swift */,
				136524B62C6B5B4000210A98 /* Requests */,
			);
			path = "MAL-Service";
			sourceTree = "<group>";
		};
		136524B62C6B5B4000210A98 /* Requests */ = {
			isa = PBXGroup;
			children = (
				136524B72C6B5B4000210A98 /* Jikan-Sesonal.swift */,
				136524B82C6B5B4000210A98 /* Jikan-Trending.swift */,
				136524B92C6B5B4000210A98 /* Jikan-Airing.swift */,
			);
			path = Requests;
			sourceTree = "<group>";
		};
		136524BA2C6B5B4000210A98 /* Anilist-Services */ = {
			isa = PBXGroup;
			children = (
				136524C22C6B5B4000210A98 /* Authorization */,
				136524BB2C6B5B4000210A98 /* Mutations */,
				136524BD2C6B5B4000210A98 /* Requests */,
			);
			path = "Anilist-Services";
			sourceTree = "<group>";
		};
		136524BB2C6B5B4000210A98 /* Mutations */ = {
			isa = PBXGroup;
			children = (
				136524BC2C6B5B4000210A98 /* Mutation.swift */,
			);
			path = Mutations;
			sourceTree = "<group>";
		};
		136524BD2C6B5B4000210A98 /* Requests */ = {
			isa = PBXGroup;
			children = (
				136524BE2C6B5B4000210A98 /* AniList-Airing.swift */,
				136524BF2C6B5B4000210A98 /* AniList-Info.swift */,
				136524C02C6B5B4000210A98 /* AniList-Trending.swift */,
				136524C12C6B5B4000210A98 /* AniList-Sesonal.swift */,
			);
			path = Requests;
			sourceTree = "<group>";
		};
		136524C22C6B5B4000210A98 /* Authorization */ = {
			isa = PBXGroup;
			children = (
				136524C32C6B5B4000210A98 /* Login.swift */,
				136524C42C6B5B4000210A98 /* Token.swift */,
			);
			path = Authorization;
			sourceTree = "<group>";
		};
		136524C52C6B5B4000210A98 /* Kitsu-Service */ = {
			isa = PBXGroup;
			children = (
				136524C62C6B5B4000210A98 /* Requests */,
				136524CA2C6B5B4000210A98 /* Kitsu-Info.swift */,
			);
			path = "Kitsu-Service";
			sourceTree = "<group>";
		};
		136524C62C6B5B4000210A98 /* Requests */ = {
			isa = PBXGroup;
			children = (
				136524C72C6B5B4000210A98 /* Kitsu-Trending.swift */,
				136524C82C6B5B4000210A98 /* Kitsu-Sesonal.swift */,
				136524C92C6B5B4000210A98 /* Kitsu-Airing.swift */,
			);
			path = Requests;
			sourceTree = "<group>";
		};
		136524CD2C6B5B4000210A98 /* Sources */ = {
			isa = PBXGroup;
			children = (
				136524CF2C6B5B4000210A98 /* SourceMenu.swift */,
				136524CE2C6B5B4000210A98 /* Sources.swift */,
			);
			path = Sources;
			sourceTree = "<group>";
		};
		136524E12C6B5B4000210A98 /* Swift - Views */ = {
			isa = PBXGroup;
			children = (
				136524EA2C6B5B4000210A98 /* Home */,
				136524F42C6B5B4000210A98 /* Favorites */,
				136524FA2C6B5B4000210A98 /* Downloads */,
				136524F62C6B5B4000210A98 /* Search */,
				136524E22C6B5B4000210A98 /* Settings */,
				136524ED2C6B5B4000210A98 /* Anime Info */,
			);
			path = "Swift - Views";
			sourceTree = "<group>";
		};
		136524E22C6B5B4000210A98 /* Settings */ = {
			isa = PBXGroup;
			children = (
				136524E32C6B5B4000210A98 /* SubPages */,
				136524E92C6B5B4000210A98 /* SettingsViewController.swift */,
			);
			path = Settings;
			sourceTree = "<group>";
		};
		136524E32C6B5B4000210A98 /* SubPages */ = {
			isa = PBXGroup;
			children = (
				136524E42C6B5B4000210A98 /* SettingsViewAbout.swift */,
				136524E52C6B5B4000210A98 /* SettingsAnimeListing.swift */,
				136524E62C6B5B4000210A98 /* SettingsViewSources.swift */,
				136524E72C6B5B4000210A98 /* SettingsViewCast.swift */,
				136524E82C6B5B4000210A98 /* SettingsViewDoneButton.swift */,
			);
			path = SubPages;
			sourceTree = "<group>";
		};
		136524EA2C6B5B4000210A98 /* Home */ = {
			isa = PBXGroup;
			children = (
				136524EB2C6B5B4000210A98 /* HomeViewController.swift */,
				136524EC2C6B5B4000210A98 /* FeaturedAnimeParsing.swift */,
			);
			path = Home;
			sourceTree = "<group>";
		};
		136524ED2C6B5B4000210A98 /* Anime Info */ = {
			isa = PBXGroup;
			children = (
				136524F02C6B5B4000210A98 /* Anime Info View */,
				136524EF2C6B5B4000210A98 /* AnimeDetailsViewController.swift */,
				136524EE2C6B5B4000210A98 /* AnimeDetailService.swift */,
			);
			path = "Anime Info";
			sourceTree = "<group>";
		};
		136524F02C6B5B4000210A98 /* Anime Info View */ = {
			isa = PBXGroup;
			children = (
				136524F12C6B5B4000210A98 /* AnimeHeaderCell.swift */,
				136524F32C6B5B4000210A98 /* SynopsisCell.swift */,
				136524F22C6B5B4000210A98 /* EpisodeCell.swift */,
			);
			path = "Anime Info View";
			sourceTree = "<group>";
		};
		136524F42C6B5B4000210A98 /* Favorites */ = {
			isa = PBXGroup;
			children = (
				136524F52C6B5B4000210A98 /* FavoritesViewController.swift */,
			);
			path = Favorites;
			sourceTree = "<group>";
		};
		136524F62C6B5B4000210A98 /* Search */ = {
			isa = PBXGroup;
			children = (
				136524F72C6B5B4000210A98 /* SearchViewController.swift */,
				136524F82C6B5B4000210A98 /* SearchResultsViewController.swift */,
				136524F92C6B5B4000210A98 /* SearchResultSourcesParsing.swift */,
			);
			path = Search;
			sourceTree = "<group>";
		};
		136524FA2C6B5B4000210A98 /* Downloads */ = {
			isa = PBXGroup;
			children = (
				136524FB2C6B5B4000210A98 /* Active Downloads */,
				136524FE2C6B5B4000210A98 /* DownloadsViewController.swift */,
				136524FF2C6B5B4000210A98 /* DownloadCell.swift */,
			);
			path = Downloads;
			sourceTree = "<group>";
		};
		136524FB2C6B5B4000210A98 /* Active Downloads */ = {
			isa = PBXGroup;
			children = (
				136524FC2C6B5B4000210A98 /* ActiveDownloadsViewController.swift */,
				136524FD2C6B5B4000210A98 /* ProgressDownloadCell.swift */,
			);
			path = "Active Downloads";
			sourceTree = "<group>";
		};
		136525002C6B5B4000210A98 /* Utils */ = {
			isa = PBXGroup;
			children = (
				136525012C6B5B4000210A98 /* Managers */,
				136525062C6B5B4000210A98 /* Downloaders */,
				136525092C6B5B4000210A98 /* Extensions */,
				1365250B2C6B5B4000210A98 /* Player */,
			);
			path = Utils;
			sourceTree = "<group>";
		};
		136525012C6B5B4000210A98 /* Managers */ = {
			isa = PBXGroup;
			children = (
				136525022C6B5B4000210A98 /* FavoriteManager.swift */,
				136525032C6B5B4000210A98 /* BackupManager.swift */,
				136525042C6B5B4000210A98 /* DownloadManager.swift */,
				136525052C6B5B4000210A98 /* ContinueWatchingManager.swift */,
			);
			path = Managers;
			sourceTree = "<group>";
		};
		136525062C6B5B4000210A98 /* Downloaders */ = {
			isa = PBXGroup;
			children = (
				136525082C6B5B4000210A98 /* M3U8Downloader.swift */,
				136525072C6B5B4000210A98 /* MP4Downloader.swift */,
			);
			path = Downloaders;
			sourceTree = "<group>";
		};
		136525092C6B5B4000210A98 /* Extensions */ = {
			isa = PBXGroup;
			children = (
				13921B422C6B8F87004E8BDC /* Notification.swift */,
				13921B442C6B8FC1004E8BDC /* UserDefaults.swift */,
				1365250A2C6B5B4000210A98 /* UIImage.swift */,
				13921B3E2C6B8ED9004E8BDC /* String.swift */,
				13921B402C6B8F71004E8BDC /* URL.swift */,
			);
			path = Extensions;
			sourceTree = "<group>";
		};
		1365250B2C6B5B4000210A98 /* Player */ = {
			isa = PBXGroup;
			children = (
				1365250E2C6B5B4000210A98 /* Sources */,
				1365250C2C6B5B4000210A98 /* VideoPlayerType.swift */,
				1365250D2C6B5B4000210A98 /* LandScapePlayer.swift */,
			);
			path = Player;
			sourceTree = "<group>";
		};
		1365250E2C6B5B4000210A98 /* Sources */ = {
			isa = PBXGroup;
			children = (
				136525112C6B5B4000210A98 /* ExternalVideoPlayer.swift */,
				1365250F2C6B5B4000210A98 /* ExternalVideoPlayerJK.swift */,
				136525102C6B5B4000210A98 /* ExternalVideoPlayerKura.swift */,
				136525132C6B5B4000210A98 /* ExternalVideoPlayer3rb.swift */,
			);
			path = Sources;
			sourceTree = "<group>";
		};
/* End PBXGroup section */

/* Begin PBXNativeTarget section */
		1365249B2C6B5B2F00210A98 /* Ryu */ = {
			isa = PBXNativeTarget;
			buildConfigurationList = 136524B02C6B5B3100210A98 /* Build configuration list for PBXNativeTarget "Ryu" */;
			buildPhases = (
				136524982C6B5B2F00210A98 /* Sources */,
				136524992C6B5B2F00210A98 /* Frameworks */,
				1365249A2C6B5B2F00210A98 /* Resources */,
			);
			buildRules = (
			);
			dependencies = (
			);
			name = Ryu;
			packageProductDependencies = (
				131546D42C6DE6CC002DC3CC /* GoogleCastSDK-ios-no-bluetooth */,
				131546D72C6DE6D9002DC3CC /* Kingfisher */,
				131546DD2C6DE6F2002DC3CC /* Alamofire */,
				131546E02C6DE71D002DC3CC /* SwiftSoup */,
			);
			productName = Ryu;
			productReference = 1365249C2C6B5B2F00210A98 /* Ryu.app */;
			productType = "com.apple.product-type.application";
		};
/* End PBXNativeTarget section */

/* Begin PBXProject section */
		136524942C6B5B2F00210A98 /* Project object */ = {
			isa = PBXProject;
			attributes = {
				BuildIndependentTargetsInParallel = 1;
				LastSwiftUpdateCheck = 1320;
				LastUpgradeCheck = 1320;
				TargetAttributes = {
					1365249B2C6B5B2F00210A98 = {
						CreatedOnToolsVersion = 13.2.1;
					};
				};
			};
			buildConfigurationList = 136524972C6B5B2F00210A98 /* Build configuration list for PBXProject "Ryu" */;
			compatibilityVersion = "Xcode 13.0";
			developmentRegion = en;
			hasScannedForEncodings = 0;
			knownRegions = (
				en,
				Base,
				ar,
				it,
				es,
			);
			mainGroup = 136524932C6B5B2F00210A98;
			packageReferences = (
				131546D32C6DE6CC002DC3CC /* XCRemoteSwiftPackageReference "GoogleCastSDK-ios-no-bluetooth" */,
				131546D62C6DE6D9002DC3CC /* XCRemoteSwiftPackageReference "Kingfisher" */,
				131546DC2C6DE6F2002DC3CC /* XCRemoteSwiftPackageReference "Alamofire" */,
				131546DF2C6DE71D002DC3CC /* XCRemoteSwiftPackageReference "SwiftSoup" */,
			);
			productRefGroup = 1365249D2C6B5B2F00210A98 /* Products */;
			projectDirPath = "";
			projectRoot = "";
			targets = (
				1365249B2C6B5B2F00210A98 /* Ryu */,
			);
		};
/* End PBXProject section */

/* Begin PBXResourcesBuildPhase section */
		1365249A2C6B5B2F00210A98 /* Resources */ = {
			isa = PBXResourcesBuildPhase;
			buildActionMask = 2147483647;
			files = (
				136525342C6B5B4100210A98 /* PrivacyInfo.xcprivacy in Resources */,
				136525332C6B5B4100210A98 /* Assets.xcassets in Resources */,
				1357B50C2C6D0965000A2C9B /* LaunchScreen.storyboard in Resources */,
				1357B50A2C6D0965000A2C9B /* Main.storyboard in Resources */,
				1357B5092C6D0965000A2C9B /* AiringAnimeCell.xib in Resources */,
				1357B5172C6D0A4B000A2C9B /* Localizable.strings in Resources */,
				1357B50B2C6D0965000A2C9B /* AnilistAnimeInformation.storyboard in Resources */,
				1357B5032C6D0965000A2C9B /* Settings.storyboard in Resources */,
				1357B5052C6D0965000A2C9B /* FavoriteCell.xib in Resources */,
				1357B5072C6D0965000A2C9B /* SlimmAnimeCell.xib in Resources */,
			);
			runOnlyForDeploymentPostprocessing = 0;
		};
/* End PBXResourcesBuildPhase section */

/* Begin PBXSourcesBuildPhase section */
		136524982C6B5B2F00210A98 /* Sources */ = {
			isa = PBXSourcesBuildPhase;
			buildActionMask = 2147483647;
			files = (
				1365251D2C6B5B4100210A98 /* AniList-Trending.swift in Sources */,
				136525442C6B5B4100210A98 /* SearchResultsViewController.swift in Sources */,
				1365253F2C6B5B4100210A98 /* AnimeHeaderCell.swift in Sources */,
				136525552C6B5B4100210A98 /* ExternalVideoPlayer.swift in Sources */,
				1365253D2C6B5B4100210A98 /* AnimeDetailService.swift in Sources */,
				136525392C6B5B4100210A98 /* SettingsViewDoneButton.swift in Sources */,
				1365254B2C6B5B4100210A98 /* BackupManager.swift in Sources */,
				136525502C6B5B4100210A98 /* UIImage.swift in Sources */,
				136525432C6B5B4100210A98 /* SearchViewController.swift in Sources */,
				136525352C6B5B4100210A98 /* SettingsViewAbout.swift in Sources */,
				136525412C6B5B4100210A98 /* SynopsisCell.swift in Sources */,
				136525282C6B5B4100210A98 /* SourceMenu.swift in Sources */,
				136525192C6B5B4100210A98 /* Jikan-Airing.swift in Sources */,
				1365253B2C6B5B4100210A98 /* HomeViewController.swift in Sources */,
				1365251B2C6B5B4100210A98 /* AniList-Airing.swift in Sources */,
				136525202C6B5B4100210A98 /* Token.swift in Sources */,
				13921B432C6B8F87004E8BDC /* Notification.swift in Sources */,
				136525592C6B5B4100210A98 /* SceneDelegate.swift in Sources */,
				136525382C6B5B4100210A98 /* SettingsViewCast.swift in Sources */,
				136525242C6B5B4100210A98 /* Kitsu-Info.swift in Sources */,
				1365251C2C6B5B4100210A98 /* AniList-Info.swift in Sources */,
				136525372C6B5B4100210A98 /* SettingsViewSources.swift in Sources */,
				136525492C6B5B4100210A98 /* DownloadCell.swift in Sources */,
				136525232C6B5B4100210A98 /* Kitsu-Airing.swift in Sources */,
				136525182C6B5B4100210A98 /* Jikan-Trending.swift in Sources */,
				136525222C6B5B4100210A98 /* Kitsu-Sesonal.swift in Sources */,
				1365254E2C6B5B4100210A98 /* MP4Downloader.swift in Sources */,
				136525172C6B5B4100210A98 /* Jikan-Sesonal.swift in Sources */,
				136525482C6B5B4100210A98 /* DownloadsViewController.swift in Sources */,
				1365251A2C6B5B4100210A98 /* Mutation.swift in Sources */,
				136525262C6B5B4100210A98 /* AppDelegate.swift in Sources */,
				1365254D2C6B5B4100210A98 /* ContinueWatchingManager.swift in Sources */,
				136525472C6B5B4100210A98 /* ProgressDownloadCell.swift in Sources */,
				13921B412C6B8F71004E8BDC /* URL.swift in Sources */,
				1365251E2C6B5B4100210A98 /* AniList-Sesonal.swift in Sources */,
				1357B5062C6D0965000A2C9B /* SlimmAnimeCell-Swift.swift in Sources */,
				1365254A2C6B5B4100210A98 /* FavoriteManager.swift in Sources */,
				1365253E2C6B5B4100210A98 /* AnimeDetailsViewController.swift in Sources */,
				1357B5042C6D0965000A2C9B /* FavoriteCell-Swift.swift in Sources */,
				1365254C2C6B5B4100210A98 /* DownloadManager.swift in Sources */,
				136525522C6B5B4100210A98 /* LandScapePlayer.swift in Sources */,
				136525402C6B5B4100210A98 /* EpisodeCell.swift in Sources */,
				136525572C6B5B4100210A98 /* ExternalVideoPlayer3rb.swift in Sources */,
				1365253C2C6B5B4100210A98 /* FeaturedAnimeParsing.swift in Sources */,
				136525212C6B5B4100210A98 /* Kitsu-Trending.swift in Sources */,
				13921B3F2C6B8ED9004E8BDC /* String.swift in Sources */,
				136525462C6B5B4100210A98 /* ActiveDownloadsViewController.swift in Sources */,
				136525252C6B5B4100210A98 /* AnimeInformation.swift in Sources */,
				136525452C6B5B4100210A98 /* SearchResultSourcesParsing.swift in Sources */,
				1365253A2C6B5B4100210A98 /* SettingsViewController.swift in Sources */,
				1365254F2C6B5B4100210A98 /* M3U8Downloader.swift in Sources */,
				13921B452C6B8FC1004E8BDC /* UserDefaults.swift in Sources */,
				136525422C6B5B4100210A98 /* FavoritesViewController.swift in Sources */,
				136525532C6B5B4100210A98 /* ExternalVideoPlayerJK.swift in Sources */,
				1365251F2C6B5B4100210A98 /* Login.swift in Sources */,
				136525272C6B5B4100210A98 /* Sources.swift in Sources */,
				136525362C6B5B4100210A98 /* SettingsAnimeListing.swift in Sources */,
				136525512C6B5B4100210A98 /* VideoPlayerType.swift in Sources */,
				136525162C6B5B4100210A98 /* Jikan-Info.swift in Sources */,
				136525542C6B5B4100210A98 /* ExternalVideoPlayerKura.swift in Sources */,
				1357B5082C6D0965000A2C9B /* AiringAnimeCell-Swift.swift in Sources */,
			);
			runOnlyForDeploymentPostprocessing = 0;
		};
/* End PBXSourcesBuildPhase section */

/* Begin PBXVariantGroup section */
		1357B4F12C6D0965000A2C9B /* Settings.storyboard */ = {
			isa = PBXVariantGroup;
			children = (
				1357B4F22C6D0965000A2C9B /* Base */,
				1357B5102C6D0995000A2C9B /* ar */,
				1357B5142C6D0A3D000A2C9B /* it */,
				1357B51B2C6D0A90000A2C9B /* es */,
			);
			name = Settings.storyboard;
			sourceTree = "<group>";
		};
		1357B4FD2C6D0965000A2C9B /* Main.storyboard */ = {
			isa = PBXVariantGroup;
			children = (
				1357B4FE2C6D0965000A2C9B /* Base */,
				1357B50F2C6D0994000A2C9B /* ar */,
				1357B5132C6D0A3D000A2C9B /* it */,
				1357B51A2C6D0A90000A2C9B /* es */,
			);
			name = Main.storyboard;
			sourceTree = "<group>";
		};
		1357B4FF2C6D0965000A2C9B /* AnilistAnimeInformation.storyboard */ = {
			isa = PBXVariantGroup;
			children = (
				1357B5002C6D0965000A2C9B /* Base */,
				1357B50D2C6D0993000A2C9B /* ar */,
				1357B5112C6D0A3C000A2C9B /* it */,
				1357B5182C6D0A8E000A2C9B /* es */,
			);
			name = AnilistAnimeInformation.storyboard;
			sourceTree = "<group>";
		};
		1357B5012C6D0965000A2C9B /* LaunchScreen.storyboard */ = {
			isa = PBXVariantGroup;
			children = (
				1357B5022C6D0965000A2C9B /* Base */,
				1357B50E2C6D0994000A2C9B /* ar */,
				1357B5122C6D0A3D000A2C9B /* it */,
				1357B5192C6D0A8F000A2C9B /* es */,
			);
			name = LaunchScreen.storyboard;
			sourceTree = "<group>";
		};
		1357B5152C6D0A4B000A2C9B /* Localizable.strings */ = {
			isa = PBXVariantGroup;
			children = (
				1357B5162C6D0A4B000A2C9B /* it */,
			);
			name = Localizable.strings;
			sourceTree = "<group>";
		};
/* End PBXVariantGroup section */

/* Begin XCBuildConfiguration section */
		136524AE2C6B5B3100210A98 /* Debug */ = {
			isa = XCBuildConfiguration;
			buildSettings = {
				ALWAYS_SEARCH_USER_PATHS = NO;
				CLANG_ANALYZER_LOCALIZABILITY_NONLOCALIZED = YES;
				CLANG_ANALYZER_NONNULL = YES;
				CLANG_ANALYZER_NUMBER_OBJECT_CONVERSION = YES_AGGRESSIVE;
				CLANG_CXX_LANGUAGE_STANDARD = "gnu++17";
				CLANG_CXX_LIBRARY = "libc++";
				CLANG_ENABLE_MODULES = YES;
				CLANG_ENABLE_OBJC_ARC = YES;
				CLANG_ENABLE_OBJC_WEAK = YES;
				CLANG_WARN_BLOCK_CAPTURE_AUTORELEASING = YES;
				CLANG_WARN_BOOL_CONVERSION = YES;
				CLANG_WARN_COMMA = YES;
				CLANG_WARN_CONSTANT_CONVERSION = YES;
				CLANG_WARN_DEPRECATED_OBJC_IMPLEMENTATIONS = YES;
				CLANG_WARN_DIRECT_OBJC_ISA_USAGE = YES_ERROR;
				CLANG_WARN_DOCUMENTATION_COMMENTS = YES;
				CLANG_WARN_EMPTY_BODY = YES;
				CLANG_WARN_ENUM_CONVERSION = YES;
				CLANG_WARN_INFINITE_RECURSION = YES;
				CLANG_WARN_INT_CONVERSION = YES;
				CLANG_WARN_NON_LITERAL_NULL_CONVERSION = YES;
				CLANG_WARN_OBJC_IMPLICIT_RETAIN_SELF = YES;
				CLANG_WARN_OBJC_LITERAL_CONVERSION = YES;
				CLANG_WARN_OBJC_ROOT_CLASS = YES_ERROR;
				CLANG_WARN_QUOTED_INCLUDE_IN_FRAMEWORK_HEADER = YES;
				CLANG_WARN_RANGE_LOOP_ANALYSIS = YES;
				CLANG_WARN_STRICT_PROTOTYPES = YES;
				CLANG_WARN_SUSPICIOUS_MOVE = YES;
				CLANG_WARN_UNGUARDED_AVAILABILITY = YES_AGGRESSIVE;
				CLANG_WARN_UNREACHABLE_CODE = YES;
				CLANG_WARN__DUPLICATE_METHOD_MATCH = YES;
				COPY_PHASE_STRIP = NO;
				DEBUG_INFORMATION_FORMAT = dwarf;
				ENABLE_STRICT_OBJC_MSGSEND = YES;
				ENABLE_TESTABILITY = YES;
				GCC_C_LANGUAGE_STANDARD = gnu11;
				GCC_DYNAMIC_NO_PIC = NO;
				GCC_NO_COMMON_BLOCKS = YES;
				GCC_OPTIMIZATION_LEVEL = 0;
				GCC_PREPROCESSOR_DEFINITIONS = (
					"DEBUG=1",
					"$(inherited)",
				);
				GCC_WARN_64_TO_32_BIT_CONVERSION = YES;
				GCC_WARN_ABOUT_RETURN_TYPE = YES_ERROR;
				GCC_WARN_UNDECLARED_SELECTOR = YES;
				GCC_WARN_UNINITIALIZED_AUTOS = YES_AGGRESSIVE;
				GCC_WARN_UNUSED_FUNCTION = YES;
				GCC_WARN_UNUSED_VARIABLE = YES;
				IPHONEOS_DEPLOYMENT_TARGET = 15.2;
				MTL_ENABLE_DEBUG_INFO = INCLUDE_SOURCE;
				MTL_FAST_MATH = YES;
				ONLY_ACTIVE_ARCH = YES;
				SDKROOT = iphoneos;
				SWIFT_ACTIVE_COMPILATION_CONDITIONS = DEBUG;
				SWIFT_OPTIMIZATION_LEVEL = "-Onone";
			};
			name = Debug;
		};
		136524AF2C6B5B3100210A98 /* Release */ = {
			isa = XCBuildConfiguration;
			buildSettings = {
				ALWAYS_SEARCH_USER_PATHS = NO;
				CLANG_ANALYZER_LOCALIZABILITY_NONLOCALIZED = YES;
				CLANG_ANALYZER_NONNULL = YES;
				CLANG_ANALYZER_NUMBER_OBJECT_CONVERSION = YES_AGGRESSIVE;
				CLANG_CXX_LANGUAGE_STANDARD = "gnu++17";
				CLANG_CXX_LIBRARY = "libc++";
				CLANG_ENABLE_MODULES = YES;
				CLANG_ENABLE_OBJC_ARC = YES;
				CLANG_ENABLE_OBJC_WEAK = YES;
				CLANG_WARN_BLOCK_CAPTURE_AUTORELEASING = YES;
				CLANG_WARN_BOOL_CONVERSION = YES;
				CLANG_WARN_COMMA = YES;
				CLANG_WARN_CONSTANT_CONVERSION = YES;
				CLANG_WARN_DEPRECATED_OBJC_IMPLEMENTATIONS = YES;
				CLANG_WARN_DIRECT_OBJC_ISA_USAGE = YES_ERROR;
				CLANG_WARN_DOCUMENTATION_COMMENTS = YES;
				CLANG_WARN_EMPTY_BODY = YES;
				CLANG_WARN_ENUM_CONVERSION = YES;
				CLANG_WARN_INFINITE_RECURSION = YES;
				CLANG_WARN_INT_CONVERSION = YES;
				CLANG_WARN_NON_LITERAL_NULL_CONVERSION = YES;
				CLANG_WARN_OBJC_IMPLICIT_RETAIN_SELF = YES;
				CLANG_WARN_OBJC_LITERAL_CONVERSION = YES;
				CLANG_WARN_OBJC_ROOT_CLASS = YES_ERROR;
				CLANG_WARN_QUOTED_INCLUDE_IN_FRAMEWORK_HEADER = YES;
				CLANG_WARN_RANGE_LOOP_ANALYSIS = YES;
				CLANG_WARN_STRICT_PROTOTYPES = YES;
				CLANG_WARN_SUSPICIOUS_MOVE = YES;
				CLANG_WARN_UNGUARDED_AVAILABILITY = YES_AGGRESSIVE;
				CLANG_WARN_UNREACHABLE_CODE = YES;
				CLANG_WARN__DUPLICATE_METHOD_MATCH = YES;
				COPY_PHASE_STRIP = NO;
				DEBUG_INFORMATION_FORMAT = "dwarf-with-dsym";
				ENABLE_NS_ASSERTIONS = NO;
				ENABLE_STRICT_OBJC_MSGSEND = YES;
				GCC_C_LANGUAGE_STANDARD = gnu11;
				GCC_NO_COMMON_BLOCKS = YES;
				GCC_WARN_64_TO_32_BIT_CONVERSION = YES;
				GCC_WARN_ABOUT_RETURN_TYPE = YES_ERROR;
				GCC_WARN_UNDECLARED_SELECTOR = YES;
				GCC_WARN_UNINITIALIZED_AUTOS = YES_AGGRESSIVE;
				GCC_WARN_UNUSED_FUNCTION = YES;
				GCC_WARN_UNUSED_VARIABLE = YES;
				IPHONEOS_DEPLOYMENT_TARGET = 15.2;
				MTL_ENABLE_DEBUG_INFO = NO;
				MTL_FAST_MATH = YES;
				SDKROOT = iphoneos;
				SWIFT_COMPILATION_MODE = wholemodule;
				SWIFT_OPTIMIZATION_LEVEL = "-O";
				VALIDATE_PRODUCT = YES;
			};
			name = Release;
		};
		136524B12C6B5B3100210A98 /* Debug */ = {
			isa = XCBuildConfiguration;
			buildSettings = {
				ASSETCATALOG_COMPILER_APPICON_NAME = AppIcon;
				ASSETCATALOG_COMPILER_GLOBAL_ACCENT_COLOR_NAME = AccentColor;
				CODE_SIGN_STYLE = Automatic;
				CURRENT_PROJECT_VERSION = 1;
				DEVELOPMENT_TEAM = 399LMK6Q2Y;
				GENERATE_INFOPLIST_FILE = YES;
				INFOPLIST_FILE = Ryu/Info.plist;
				INFOPLIST_KEY_UIApplicationSupportsIndirectInputEvents = YES;
				INFOPLIST_KEY_UILaunchStoryboardName = LaunchScreen;
				INFOPLIST_KEY_UIMainStoryboardFile = Main;
				INFOPLIST_KEY_UISupportedInterfaceOrientations_iPad = "UIInterfaceOrientationPortrait UIInterfaceOrientationPortraitUpsideDown UIInterfaceOrientationLandscapeLeft UIInterfaceOrientationLandscapeRight";
				INFOPLIST_KEY_UISupportedInterfaceOrientations_iPhone = "UIInterfaceOrientationPortrait UIInterfaceOrientationLandscapeLeft UIInterfaceOrientationLandscapeRight";
				INFOPLIST_KEY_UISupportsDocumentBrowser = YES;
				IPHONEOS_DEPLOYMENT_TARGET = 14.0;
				LD_RUNPATH_SEARCH_PATHS = (
					"$(inherited)",
					"@executable_path/Frameworks",
				);
				MARKETING_VERSION = 1.0.0;
				PRODUCT_BUNDLE_IDENTIFIER = me.cranci.Ryu;
				PRODUCT_NAME = "$(TARGET_NAME)";
				SWIFT_EMIT_LOC_STRINGS = YES;
				SWIFT_VERSION = 5.0;
				TARGETED_DEVICE_FAMILY = "1,2";
			};
			name = Debug;
		};
		136524B22C6B5B3100210A98 /* Release */ = {
			isa = XCBuildConfiguration;
			buildSettings = {
				ASSETCATALOG_COMPILER_APPICON_NAME = AppIcon;
				ASSETCATALOG_COMPILER_GLOBAL_ACCENT_COLOR_NAME = AccentColor;
				CODE_SIGN_STYLE = Automatic;
				CURRENT_PROJECT_VERSION = 1;
				DEVELOPMENT_TEAM = 399LMK6Q2Y;
				GENERATE_INFOPLIST_FILE = YES;
				INFOPLIST_FILE = Ryu/Info.plist;
				INFOPLIST_KEY_UIApplicationSupportsIndirectInputEvents = YES;
				INFOPLIST_KEY_UILaunchStoryboardName = LaunchScreen;
				INFOPLIST_KEY_UIMainStoryboardFile = Main;
				INFOPLIST_KEY_UISupportedInterfaceOrientations_iPad = "UIInterfaceOrientationPortrait UIInterfaceOrientationPortraitUpsideDown UIInterfaceOrientationLandscapeLeft UIInterfaceOrientationLandscapeRight";
				INFOPLIST_KEY_UISupportedInterfaceOrientations_iPhone = "UIInterfaceOrientationPortrait UIInterfaceOrientationLandscapeLeft UIInterfaceOrientationLandscapeRight";
				INFOPLIST_KEY_UISupportsDocumentBrowser = YES;
				IPHONEOS_DEPLOYMENT_TARGET = 14.0;
				LD_RUNPATH_SEARCH_PATHS = (
					"$(inherited)",
					"@executable_path/Frameworks",
				);
				MARKETING_VERSION = 1.0.0;
				PRODUCT_BUNDLE_IDENTIFIER = me.cranci.Ryu;
				PRODUCT_NAME = "$(TARGET_NAME)";
				SWIFT_EMIT_LOC_STRINGS = YES;
				SWIFT_VERSION = 5.0;
				TARGETED_DEVICE_FAMILY = "1,2";
			};
			name = Release;
		};
/* End XCBuildConfiguration section */

/* Begin XCConfigurationList section */
		136524972C6B5B2F00210A98 /* Build configuration list for PBXProject "Ryu" */ = {
			isa = XCConfigurationList;
			buildConfigurations = (
				136524AE2C6B5B3100210A98 /* Debug */,
				136524AF2C6B5B3100210A98 /* Release */,
			);
			defaultConfigurationIsVisible = 0;
			defaultConfigurationName = Release;
		};
		136524B02C6B5B3100210A98 /* Build configuration list for PBXNativeTarget "Ryu" */ = {
			isa = XCConfigurationList;
			buildConfigurations = (
				136524B12C6B5B3100210A98 /* Debug */,
				136524B22C6B5B3100210A98 /* Release */,
			);
			defaultConfigurationIsVisible = 0;
			defaultConfigurationName = Release;
		};
/* End XCConfigurationList section */

/* Begin XCRemoteSwiftPackageReference section */
		131546D32C6DE6CC002DC3CC /* XCRemoteSwiftPackageReference "GoogleCastSDK-ios-no-bluetooth" */ = {
			isa = XCRemoteSwiftPackageReference;
			repositoryURL = "https://github.com/SRGSSR/GoogleCastSDK-ios-no-bluetooth.git";
			requirement = {
				branch = master;
				kind = branch;
			};
		};
		131546D62C6DE6D9002DC3CC /* XCRemoteSwiftPackageReference "Kingfisher" */ = {
			isa = XCRemoteSwiftPackageReference;
			repositoryURL = "https://github.com/onevcat/Kingfisher.git";
			requirement = {
				kind = exactVersion;
				version = 7.9.1;
			};
		};
		131546DC2C6DE6F2002DC3CC /* XCRemoteSwiftPackageReference "Alamofire" */ = {
			isa = XCRemoteSwiftPackageReference;
			repositoryURL = "https://github.com/Alamofire/Alamofire.git";
			requirement = {
				kind = exactVersion;
				version = 5.8.0;
			};
		};
		131546DF2C6DE71D002DC3CC /* XCRemoteSwiftPackageReference "SwiftSoup" */ = {
			isa = XCRemoteSwiftPackageReference;
			repositoryURL = "https://github.com/scinfu/SwiftSoup.git";
			requirement = {
				kind = exactVersion;
				version = 2.4.0;
			};
		};
/* End XCRemoteSwiftPackageReference section */

/* Begin XCSwiftPackageProductDependency section */
		131546D42C6DE6CC002DC3CC /* GoogleCastSDK-ios-no-bluetooth */ = {
			isa = XCSwiftPackageProductDependency;
			package = 131546D32C6DE6CC002DC3CC /* XCRemoteSwiftPackageReference "GoogleCastSDK-ios-no-bluetooth" */;
			productName = "GoogleCastSDK-ios-no-bluetooth";
		};
		131546D72C6DE6D9002DC3CC /* Kingfisher */ = {
			isa = XCSwiftPackageProductDependency;
			package = 131546D62C6DE6D9002DC3CC /* XCRemoteSwiftPackageReference "Kingfisher" */;
			productName = Kingfisher;
		};
		131546DD2C6DE6F2002DC3CC /* Alamofire */ = {
			isa = XCSwiftPackageProductDependency;
			package = 131546DC2C6DE6F2002DC3CC /* XCRemoteSwiftPackageReference "Alamofire" */;
			productName = Alamofire;
		};
		131546E02C6DE71D002DC3CC /* SwiftSoup */ = {
			isa = XCSwiftPackageProductDependency;
			package = 131546DF2C6DE71D002DC3CC /* XCRemoteSwiftPackageReference "SwiftSoup" */;
			productName = SwiftSoup;
		};
/* End XCSwiftPackageProductDependency section */
	};
	rootObject = 136524942C6B5B2F00210A98 /* Project object */;
}
